// !$*UTF8*$!
{
	archiveVersion = 1;
	classes = {
	};
	objectVersion = 55;
	objects = {

/* Begin PBXBuildFile section */
		C704D0102963EC600065004D /* NetworkingModels.swift in Sources */ = {isa = PBXBuildFile; fileRef = C704D00F2963EC600065004D /* NetworkingModels.swift */; };
		C70BFCBA2A29D97800CBD6B3 /* CoreParser+Handles.swift in Sources */ = {isa = PBXBuildFile; fileRef = C70BFCB92A29D97800CBD6B3 /* CoreParser+Handles.swift */; };
		C70BFCBC2A29DFA900CBD6B3 /* CoreParserHandleModels.swift in Sources */ = {isa = PBXBuildFile; fileRef = C70BFCBB2A29DFA900CBD6B3 /* CoreParserHandleModels.swift */; };
		C70F8FA8293850F400E8DCE1 /* Opengl.swift in Sources */ = {isa = PBXBuildFile; fileRef = C70F8FA7293850F400E8DCE1 /* Opengl.swift */; };
		C71A9EBB2AD66D30001626A5 /* ISides.swift in Sources */ = {isa = PBXBuildFile; fileRef = C71A9EBA2AD66D30001626A5 /* ISides.swift */; };
		C72271712AFCE56C00811E55 /* NSISides+HeadlineCell.swift in Sources */ = {isa = PBXBuildFile; fileRef = C72271702AFCE56C00811E55 /* NSISides+HeadlineCell.swift */; };
		C72271732AFCE58000811E55 /* NSISides+PanelSetCell.swift in Sources */ = {isa = PBXBuildFile; fileRef = C72271722AFCE58000811E55 /* NSISides+PanelSetCell.swift */; };
		C737D69B2AF0A38C00F901A8 /* Drawer+Group.swift in Sources */ = {isa = PBXBuildFile; fileRef = C737D69A2AF0A38C00F901A8 /* Drawer+Group.swift */; };
		C737D69D2AF0A3BD00F901A8 /* Drawer+Notifier.swift in Sources */ = {isa = PBXBuildFile; fileRef = C737D69C2AF0A3BD00F901A8 /* Drawer+Notifier.swift */; };
		C737D69F2AF0A3EC00F901A8 /* Drawer+Graph.swift in Sources */ = {isa = PBXBuildFile; fileRef = C737D69E2AF0A3EC00F901A8 /* Drawer+Graph.swift */; };
		C737D6A12AF0A42600F901A8 /* Drawer+Series.swift in Sources */ = {isa = PBXBuildFile; fileRef = C737D6A02AF0A42600F901A8 /* Drawer+Series.swift */; };
		C737D6A32AF0A45F00F901A8 /* Drawer+Axis.swift in Sources */ = {isa = PBXBuildFile; fileRef = C737D6A22AF0A45F00F901A8 /* Drawer+Axis.swift */; };
		C737D6A62AF0A7BD00F901A8 /* Chart+Drawer.swift in Sources */ = {isa = PBXBuildFile; fileRef = C737D6A52AF0A7BD00F901A8 /* Chart+Drawer.swift */; };
		C737D6A92AF0A97200F901A8 /* Chart+Actor.swift in Sources */ = {isa = PBXBuildFile; fileRef = C737D6A82AF0A97200F901A8 /* Chart+Actor.swift */; };
		C737D6AC2AF0ABC900F901A8 /* Actor+Displayer.swift in Sources */ = {isa = PBXBuildFile; fileRef = C737D6AB2AF0ABC900F901A8 /* Actor+Displayer.swift */; };
		C737D6AE2AF0AD6B00F901A8 /* Actor+Highlighter.swift in Sources */ = {isa = PBXBuildFile; fileRef = C737D6AD2AF0AD6B00F901A8 /* Actor+Highlighter.swift */; };
		C737D6B32AF0D48200F901A8 /* Actor+Snap.swift in Sources */ = {isa = PBXBuildFile; fileRef = C737D6B22AF0D48200F901A8 /* Actor+Snap.swift */; };
		C73B7E372AF8906300C3A219 /* NSIText.swift in Sources */ = {isa = PBXBuildFile; fileRef = C73B7E362AF8906300C3A219 /* NSIText.swift */; };
		C73B7E3B2AF8A56A00C3A219 /* NSIText+Layer.swift in Sources */ = {isa = PBXBuildFile; fileRef = C73B7E3A2AF8A56A00C3A219 /* NSIText+Layer.swift */; };
		C73B7E3D2AF8C79500C3A219 /* NSSCreen+Extensions.swift in Sources */ = {isa = PBXBuildFile; fileRef = C73B7E3C2AF8C79500C3A219 /* NSSCreen+Extensions.swift */; };
		C73BBB0B2942E25100472A75 /* ILockdown.swift in Sources */ = {isa = PBXBuildFile; fileRef = C73BBB0A2942E25100472A75 /* ILockdown.swift */; };
		C73BBB0E2942E84D00472A75 /* IInstproxy.swift in Sources */ = {isa = PBXBuildFile; fileRef = C73BBB0D2942E84D00472A75 /* IInstproxy.swift */; };
		C73BBB112942FBE700472A75 /* IInstproxyModels.swift in Sources */ = {isa = PBXBuildFile; fileRef = C73BBB102942FBE700472A75 /* IInstproxyModels.swift */; };
		C73BBB132943094B00472A75 /* ILockdownModels.swift in Sources */ = {isa = PBXBuildFile; fileRef = C73BBB122943094B00472A75 /* ILockdownModels.swift */; };
		C73BBB18294315A600472A75 /* ADevice.swift in Sources */ = {isa = PBXBuildFile; fileRef = C73BBB17294315A600472A75 /* ADevice.swift */; };
		C73BBB1A29431AD200472A75 /* Processcontrol.swift in Sources */ = {isa = PBXBuildFile; fileRef = C73BBB1929431AD200472A75 /* Processcontrol.swift */; };
		C7483B9429373A0400F32BE0 /* Application.swift in Sources */ = {isa = PBXBuildFile; fileRef = C7483B9329373A0400F32BE0 /* Application.swift */; };
		C7483B9829373A0600F32BE0 /* Assets.xcassets in Resources */ = {isa = PBXBuildFile; fileRef = C7483B9729373A0600F32BE0 /* Assets.xcassets */; };
		C7483B9B29373A0600F32BE0 /* Preview Assets.xcassets in Resources */ = {isa = PBXBuildFile; fileRef = C7483B9A29373A0600F32BE0 /* Preview Assets.xcassets */; };
		C7483BE929373ADC00F32BE0 /* MobileManager.swift in Sources */ = {isa = PBXBuildFile; fileRef = C7483BA429373ADC00F32BE0 /* MobileManager.swift */; };
		C7483BEA29373ADC00F32BE0 /* IDevice.swift in Sources */ = {isa = PBXBuildFile; fileRef = C7483BA529373ADC00F32BE0 /* IDevice.swift */; };
		C7483BED29373ADC00F32BE0 /* IInstrumentsServiceProtocols.swift in Sources */ = {isa = PBXBuildFile; fileRef = C7483BAA29373ADC00F32BE0 /* IInstrumentsServiceProtocols.swift */; };
		C7483BEE29373ADC00F32BE0 /* Sysmontap.swift in Sources */ = {isa = PBXBuildFile; fileRef = C7483BAC29373ADC00F32BE0 /* Sysmontap.swift */; };
		C7483BEF29373ADC00F32BE0 /* DeviceInfo.swift in Sources */ = {isa = PBXBuildFile; fileRef = C7483BAD29373ADC00F32BE0 /* DeviceInfo.swift */; };
		C7483BF029373ADC00F32BE0 /* IInstruments.swift in Sources */ = {isa = PBXBuildFile; fileRef = C7483BAE29373ADC00F32BE0 /* IInstruments.swift */; };
		C7483BF129373ADC00F32BE0 /* DTXReceiveObject.m in Sources */ = {isa = PBXBuildFile; fileRef = C7483BB329373ADC00F32BE0 /* DTXReceiveObject.m */; };
		C7483BF229373ADC00F32BE0 /* DTXMessageHandle.m in Sources */ = {isa = PBXBuildFile; fileRef = C7483BB429373ADC00F32BE0 /* DTXMessageHandle.m */; };
		C7483BF329373ADC00F32BE0 /* DTXArguments.m in Sources */ = {isa = PBXBuildFile; fileRef = C7483BB529373ADC00F32BE0 /* DTXArguments.m */; };
		C7483BF429373ADC00F32BE0 /* libcrypto.a in Frameworks */ = {isa = PBXBuildFile; fileRef = C7483BB929373ADC00F32BE0 /* libcrypto.a */; };
		C7483BF529373ADC00F32BE0 /* libplist-2.0.a in Frameworks */ = {isa = PBXBuildFile; fileRef = C7483BBA29373ADC00F32BE0 /* libplist-2.0.a */; };
		C7483BF629373ADC00F32BE0 /* libimobiledevice-1.0.a in Frameworks */ = {isa = PBXBuildFile; fileRef = C7483BBB29373ADC00F32BE0 /* libimobiledevice-1.0.a */; };
		C7483BF729373ADC00F32BE0 /* libimobiledevice-glue-1.0.a in Frameworks */ = {isa = PBXBuildFile; fileRef = C7483BBC29373ADC00F32BE0 /* libimobiledevice-glue-1.0.a */; };
		C7483BF829373ADC00F32BE0 /* libusbmuxd-2.0.a in Frameworks */ = {isa = PBXBuildFile; fileRef = C7483BBD29373ADC00F32BE0 /* libusbmuxd-2.0.a */; };
		C7483BF929373ADC00F32BE0 /* libssl.a in Frameworks */ = {isa = PBXBuildFile; fileRef = C7483BBE29373ADC00F32BE0 /* libssl.a */; };
		C7483BFA29373ADC00F32BE0 /* libcrypto.a in Frameworks */ = {isa = PBXBuildFile; fileRef = C7483BC029373ADC00F32BE0 /* libcrypto.a */; };
		C7483BFB29373ADC00F32BE0 /* libplist-2.0.a in Frameworks */ = {isa = PBXBuildFile; fileRef = C7483BC129373ADC00F32BE0 /* libplist-2.0.a */; };
		C7483BFC29373ADC00F32BE0 /* libimobiledevice-1.0.a in Frameworks */ = {isa = PBXBuildFile; fileRef = C7483BC229373ADC00F32BE0 /* libimobiledevice-1.0.a */; };
		C7483BFD29373ADC00F32BE0 /* libimobiledevice-glue-1.0.a in Frameworks */ = {isa = PBXBuildFile; fileRef = C7483BC329373ADC00F32BE0 /* libimobiledevice-glue-1.0.a */; };
		C7483BFE29373ADC00F32BE0 /* libusbmuxd-2.0.a in Frameworks */ = {isa = PBXBuildFile; fileRef = C7483BC429373ADC00F32BE0 /* libusbmuxd-2.0.a */; };
		C7483BFF29373ADC00F32BE0 /* libssl.a in Frameworks */ = {isa = PBXBuildFile; fileRef = C7483BC529373ADC00F32BE0 /* libssl.a */; };
		C7483C0029373ADC00F32BE0 /* MDUtil.m in Sources */ = {isa = PBXBuildFile; fileRef = C7483BE529373ADC00F32BE0 /* MDUtil.m */; };
		C74B14A52AE7684200A06D05 /* NSISides.swift in Sources */ = {isa = PBXBuildFile; fileRef = C74B14A42AE7684200A06D05 /* NSISides.swift */; };
		C74C3E0D2AD52B3E00F70A36 /* Cell+Checker.swift in Sources */ = {isa = PBXBuildFile; fileRef = C74C3E0C2AD52B3E00F70A36 /* Cell+Checker.swift */; };
		C74C3E0F2AD52B4A00F70A36 /* Cell+Chart.swift in Sources */ = {isa = PBXBuildFile; fileRef = C74C3E0E2AD52B4A00F70A36 /* Cell+Chart.swift */; };
		C74C3E112AD52B5600F70A36 /* Cell+Axis.swift in Sources */ = {isa = PBXBuildFile; fileRef = C74C3E102AD52B5500F70A36 /* Cell+Axis.swift */; };
		C74C3E132AD52B5E00F70A36 /* Cell+Hint.swift in Sources */ = {isa = PBXBuildFile; fileRef = C74C3E122AD52B5E00F70A36 /* Cell+Hint.swift */; };
		C74C3E152AD52C4300F70A36 /* Cell+Layer.swift in Sources */ = {isa = PBXBuildFile; fileRef = C74C3E142AD52C4300F70A36 /* Cell+Layer.swift */; };
		C74C3E172AD52C9900F70A36 /* Cell+Content.swift in Sources */ = {isa = PBXBuildFile; fileRef = C74C3E162AD52C9900F70A36 /* Cell+Content.swift */; };
		C74C3E192AD5381300F70A36 /* Font+Extensions.swift in Sources */ = {isa = PBXBuildFile; fileRef = C74C3E182AD5381300F70A36 /* Font+Extensions.swift */; };
		C7515C522A28851800CFA925 /* CoreParserModels.swift in Sources */ = {isa = PBXBuildFile; fileRef = C7515C512A28851800CFA925 /* CoreParserModels.swift */; };
		C75750F7293DA1980074E707 /* SysmotapModels.swift in Sources */ = {isa = PBXBuildFile; fileRef = C75750F6293DA1980074E707 /* SysmotapModels.swift */; };
		C758DE8B2AFB4E0500467F83 /* IFonts.swift in Sources */ = {isa = PBXBuildFile; fileRef = C758DE8A2AFB4E0500467F83 /* IFonts.swift */; };
		C758DE8D2AFB568B00467F83 /* CATextLayer+Extensions.swift in Sources */ = {isa = PBXBuildFile; fileRef = C758DE8C2AFB568B00467F83 /* CATextLayer+Extensions.swift */; };
		C7640A612A84C41100C1F267 /* ICharts.swift in Sources */ = {isa = PBXBuildFile; fileRef = C7640A602A84C41100C1F267 /* ICharts.swift */; };
		C7640A632A84DBAD00C1F267 /* ICharts+Cell.swift in Sources */ = {isa = PBXBuildFile; fileRef = C7640A622A84DBAD00C1F267 /* ICharts+Cell.swift */; };
		C7651EFF298B5FC3006F3310 /* Int64+Extensions.swift in Sources */ = {isa = PBXBuildFile; fileRef = C7651EFE298B5FC3006F3310 /* Int64+Extensions.swift */; };
		C76A6EF92A614E1900836807 /* IPerformanceView.swift in Sources */ = {isa = PBXBuildFile; fileRef = C76A6EF62A614E1900836807 /* IPerformanceView.swift */; };
		C76ACF3F2996166C005CF720 /* CGFloat+Extensions.swift in Sources */ = {isa = PBXBuildFile; fileRef = C76ACF3E2996166C005CF720 /* CGFloat+Extensions.swift */; };
		C76BE18A2AD7BCB8004E6DDF /* Chart+Model.swift in Sources */ = {isa = PBXBuildFile; fileRef = C76BE1892AD7BCB8004E6DDF /* Chart+Model.swift */; };
		C76E7B5D2951BBB3004F009B /* Colors.xcassets in Resources */ = {isa = PBXBuildFile; fileRef = C76E7B5C2951BBB3004F009B /* Colors.xcassets */; };
		C76E7B612951BC70004F009B /* Color+Extensions.swift in Sources */ = {isa = PBXBuildFile; fileRef = C76E7B602951BC70004F009B /* Color+Extensions.swift */; };
		C7719B442987B5D700DC6044 /* IDiagnosticsRelay.swift in Sources */ = {isa = PBXBuildFile; fileRef = C7719B432987B5D700DC6044 /* IDiagnosticsRelay.swift */; };
		C771EF6E2A4A8AC800EC305E /* NavigationView.swift in Sources */ = {isa = PBXBuildFile; fileRef = C771EF6D2A4A8AC800EC305E /* NavigationView.swift */; };
		C771EF702A4A8AE800EC305E /* ANavigation.swift in Sources */ = {isa = PBXBuildFile; fileRef = C771EF6F2A4A8AE800EC305E /* ANavigation.swift */; };
		C7764FDE29652D3000D4A6C6 /* EnergyModels.swift in Sources */ = {isa = PBXBuildFile; fileRef = C7764FDD29652D3000D4A6C6 /* EnergyModels.swift */; };
		C7790F2729A5EEAF00948934 /* CoreProfileSessionTap.swift in Sources */ = {isa = PBXBuildFile; fileRef = C7790F2629A5EEAF00948934 /* CoreProfileSessionTap.swift */; };
		C77952832AE8D59500DBF98E /* NSITable.swift in Sources */ = {isa = PBXBuildFile; fileRef = C77952822AE8D59500DBF98E /* NSITable.swift */; };
		C77B36852A6137800054DE7F /* NSEdgeInset+Extensions.swift in Sources */ = {isa = PBXBuildFile; fileRef = C77B36842A6137800054DE7F /* NSEdgeInset+Extensions.swift */; };
		C780D1162941911B00EF5633 /* IInstrumentsServiceGroup.swift in Sources */ = {isa = PBXBuildFile; fileRef = C780D1152941911B00EF5633 /* IInstrumentsServiceGroup.swift */; };
		C780D11829419E6100EF5633 /* OpenglModels.swift in Sources */ = {isa = PBXBuildFile; fileRef = C780D11729419E6100EF5633 /* OpenglModels.swift */; };
		C7842C2E2AEB694700658692 /* NSICollection.swift in Sources */ = {isa = PBXBuildFile; fileRef = C7842C2D2AEB694700658692 /* NSICollection.swift */; };
		C7842C302AEB842500658692 /* DispatchQueue+Extensions.swift in Sources */ = {isa = PBXBuildFile; fileRef = C7842C2F2AEB842500658692 /* DispatchQueue+Extensions.swift */; };
		C786B3602A4ACF7800F3ABB8 /* DSPMetrics.swift in Sources */ = {isa = PBXBuildFile; fileRef = C786B35F2A4ACF7800F3ABB8 /* DSPMetrics.swift */; };
		C7A1C4532A0384C5009BA0D5 /* Engery.swift in Sources */ = {isa = PBXBuildFile; fileRef = C7A1C4522A0384C5009BA0D5 /* Engery.swift */; };
		C7A487DB2A24AC5700A033B9 /* Typealias.swift in Sources */ = {isa = PBXBuildFile; fileRef = C7A487DA2A24AC5700A033B9 /* Typealias.swift */; };
		C7AB90632AF388E700DDE900 /* IColors.swift in Sources */ = {isa = PBXBuildFile; fileRef = C7AB90622AF388E700DDE900 /* IColors.swift */; };
		C7AB90652AF38BED00DDE900 /* IColors+NSColor.swift in Sources */ = {isa = PBXBuildFile; fileRef = C7AB90642AF38BED00DDE900 /* IColors+NSColor.swift */; };
		C7AB90672AF38C8300DDE900 /* IColors+Color.swift in Sources */ = {isa = PBXBuildFile; fileRef = C7AB90662AF38C8300DDE900 /* IColors+Color.swift */; };
		C7AC987F2956E0C200A6580B /* NetworkStatistics.swift in Sources */ = {isa = PBXBuildFile; fileRef = C7AC987E2956E0C200A6580B /* NetworkStatistics.swift */; };
		C7AC98812956EB1D00A6580B /* Networking.swift in Sources */ = {isa = PBXBuildFile; fileRef = C7AC98802956EB1D00A6580B /* Networking.swift */; };
		C7AC9895295C816500A6580B /* NetworkStatisticsModels.swift in Sources */ = {isa = PBXBuildFile; fileRef = C7AC9894295C816500A6580B /* NetworkStatisticsModels.swift */; };
		C7B8B35B2A5411B5008E9D53 /* CPerformance.swift in Sources */ = {isa = PBXBuildFile; fileRef = C7B8B35A2A5411B5008E9D53 /* CPerformance.swift */; };
		C7B8B35D2A541872008E9D53 /* Chart.swift in Sources */ = {isa = PBXBuildFile; fileRef = C7B8B35C2A541872008E9D53 /* Chart.swift */; };
		C7C15F892A0B99E80066FA85 /* Data+Extension.swift in Sources */ = {isa = PBXBuildFile; fileRef = C7C15F882A0B99E80066FA85 /* Data+Extension.swift */; };
		C7CB104F2A0A0B1B00828F3D /* ModelParser.swift in Sources */ = {isa = PBXBuildFile; fileRef = C7CB104E2A0A0B1B00828F3D /* ModelParser.swift */; };
		C7CB10512A0A102500828F3D /* CoreProfileSessionTapModels.swift in Sources */ = {isa = PBXBuildFile; fileRef = C7CB10502A0A102500828F3D /* CoreProfileSessionTapModels.swift */; };
		C7D0A1A62A08EF0200E8769C /* DeviceInfoModels.swift in Sources */ = {isa = PBXBuildFile; fileRef = C7D0A1A52A08EF0200E8769C /* DeviceInfoModels.swift */; };
		C7D0D1B42A5E742600F610F6 /* ALockAction.swift in Sources */ = {isa = PBXBuildFile; fileRef = C7D0D1B32A5E742600F610F6 /* ALockAction.swift */; };
		C7D70FA72A13342A0015ABAE /* InputStream+Extensions.swift in Sources */ = {isa = PBXBuildFile; fileRef = C7D70FA62A13342A0015ABAE /* InputStream+Extensions.swift */; };
		C7E137CB299C9C92000CD484 /* ObjectAlloc.swift in Sources */ = {isa = PBXBuildFile; fileRef = C7E137CA299C9C92000CD484 /* ObjectAlloc.swift */; };
		C7E137CD299CB52A000CD484 /* Base.swift in Sources */ = {isa = PBXBuildFile; fileRef = C7E137CC299CB52A000CD484 /* Base.swift */; };
		C7E3A7032AFA128400F0C35A /* Bool+Extensions.swift in Sources */ = {isa = PBXBuildFile; fileRef = C7E3A7022AFA128400F0C35A /* Bool+Extensions.swift */; };
		C7E3A7052AFA13D400F0C35A /* CALayer+Extensions.swift in Sources */ = {isa = PBXBuildFile; fileRef = C7E3A7042AFA13D400F0C35A /* CALayer+Extensions.swift */; };
		C7E3A7102AFA36F500F0C35A /* ILaunchMonitorView.swift in Sources */ = {isa = PBXBuildFile; fileRef = C7E3A70F2AFA36F500F0C35A /* ILaunchMonitorView.swift */; };
		C7E3A7132AFA3AF700F0C35A /* NSImageView+Extensions.swift in Sources */ = {isa = PBXBuildFile; fileRef = C7E3A7122AFA3AF700F0C35A /* NSImageView+Extensions.swift */; };
		C7E3A7192AFA422000F0C35A /* NSImage+Extensions.swift in Sources */ = {isa = PBXBuildFile; fileRef = C7E3A7182AFA422000F0C35A /* NSImage+Extensions.swift */; };
		C7E40A492A5E5CA5001629E3 /* DSPMetrics+Entity.swift in Sources */ = {isa = PBXBuildFile; fileRef = C7E40A482A5E5CA5001629E3 /* DSPMetrics+Entity.swift */; };
		C7E8C3662AF4995C0001FC4B /* PanelSetCell+Panel.swift in Sources */ = {isa = PBXBuildFile; fileRef = C7E8C3652AF4995C0001FC4B /* PanelSetCell+Panel.swift */; };
		C7E8C3682AF49A390001FC4B /* NSView+Extensions.swift in Sources */ = {isa = PBXBuildFile; fileRef = C7E8C3672AF49A390001FC4B /* NSView+Extensions.swift */; };
		C7E8C36C2AF4A13F0001FC4B /* NSILabel.swift in Sources */ = {isa = PBXBuildFile; fileRef = C7E8C36B2AF4A13F0001FC4B /* NSILabel.swift */; };
		C7EA8E042AFDE31400D412AC /* Panel+Headline.swift in Sources */ = {isa = PBXBuildFile; fileRef = C7EA8E032AFDE31400D412AC /* Panel+Headline.swift */; };
		C7EA8E062AFE18B900D412AC /* Panel+NoteRow.swift in Sources */ = {isa = PBXBuildFile; fileRef = C7EA8E052AFE18B900D412AC /* Panel+NoteRow.swift */; };
		C7F2AB762A64EEA00031E97A /* Array+Extensions.swift in Sources */ = {isa = PBXBuildFile; fileRef = C7F2AB752A64EEA00031E97A /* Array+Extensions.swift */; };
		C7F5DA892946EF94005C6F7D /* GPU.swift in Sources */ = {isa = PBXBuildFile; fileRef = C7F5DA882946EF94005C6F7D /* GPU.swift */; };
		C7FA2E50299E036A00FE78F2 /* ProcessControlByDictionary.swift in Sources */ = {isa = PBXBuildFile; fileRef = C7FA2E4F299E036A00FE78F2 /* ProcessControlByDictionary.swift */; };
		C7FA2E52299E28F900FE78F2 /* Sampling.swift in Sources */ = {isa = PBXBuildFile; fileRef = C7FA2E51299E28F900FE78F2 /* Sampling.swift */; };
		C7FBB4792A1C965F00A6A8DF /* CoreParser.swift in Sources */ = {isa = PBXBuildFile; fileRef = C7FBB4782A1C965F00A6A8DF /* CoreParser.swift */; };
		E2EEEE13B7F1A6303EF4CE35 /* Pods_APMr.framework in Frameworks */ = {isa = PBXBuildFile; fileRef = DADA9EDEA0F1466ED00BCE2D /* Pods_APMr.framework */; };
/* End PBXBuildFile section */

/* Begin PBXFileReference section */
		ACD59CADAF1357C5444C9979 /* Pods-APMr.release.xcconfig */ = {isa = PBXFileReference; includeInIndex = 1; lastKnownFileType = text.xcconfig; name = "Pods-APMr.release.xcconfig"; path = "Target Support Files/Pods-APMr/Pods-APMr.release.xcconfig"; sourceTree = "<group>"; };
		C704D00F2963EC600065004D /* NetworkingModels.swift */ = {isa = PBXFileReference; lastKnownFileType = sourcecode.swift; path = NetworkingModels.swift; sourceTree = "<group>"; };
		C70BFCB92A29D97800CBD6B3 /* CoreParser+Handles.swift */ = {isa = PBXFileReference; lastKnownFileType = sourcecode.swift; path = "CoreParser+Handles.swift"; sourceTree = "<group>"; };
		C70BFCBB2A29DFA900CBD6B3 /* CoreParserHandleModels.swift */ = {isa = PBXFileReference; lastKnownFileType = sourcecode.swift; path = CoreParserHandleModels.swift; sourceTree = "<group>"; };
		C70F8FA7293850F400E8DCE1 /* Opengl.swift */ = {isa = PBXFileReference; lastKnownFileType = sourcecode.swift; path = Opengl.swift; sourceTree = "<group>"; };
		C71A9EBA2AD66D30001626A5 /* ISides.swift */ = {isa = PBXFileReference; lastKnownFileType = sourcecode.swift; path = ISides.swift; sourceTree = "<group>"; };
		C72271702AFCE56C00811E55 /* NSISides+HeadlineCell.swift */ = {isa = PBXFileReference; lastKnownFileType = sourcecode.swift; path = "NSISides+HeadlineCell.swift"; sourceTree = "<group>"; };
		C72271722AFCE58000811E55 /* NSISides+PanelSetCell.swift */ = {isa = PBXFileReference; lastKnownFileType = sourcecode.swift; path = "NSISides+PanelSetCell.swift"; sourceTree = "<group>"; };
		C737D69A2AF0A38C00F901A8 /* Drawer+Group.swift */ = {isa = PBXFileReference; lastKnownFileType = sourcecode.swift; path = "Drawer+Group.swift"; sourceTree = "<group>"; };
		C737D69C2AF0A3BD00F901A8 /* Drawer+Notifier.swift */ = {isa = PBXFileReference; lastKnownFileType = sourcecode.swift; path = "Drawer+Notifier.swift"; sourceTree = "<group>"; };
		C737D69E2AF0A3EC00F901A8 /* Drawer+Graph.swift */ = {isa = PBXFileReference; lastKnownFileType = sourcecode.swift; path = "Drawer+Graph.swift"; sourceTree = "<group>"; };
		C737D6A02AF0A42600F901A8 /* Drawer+Series.swift */ = {isa = PBXFileReference; lastKnownFileType = sourcecode.swift; path = "Drawer+Series.swift"; sourceTree = "<group>"; };
		C737D6A22AF0A45F00F901A8 /* Drawer+Axis.swift */ = {isa = PBXFileReference; lastKnownFileType = sourcecode.swift; path = "Drawer+Axis.swift"; sourceTree = "<group>"; };
		C737D6A52AF0A7BD00F901A8 /* Chart+Drawer.swift */ = {isa = PBXFileReference; lastKnownFileType = sourcecode.swift; path = "Chart+Drawer.swift"; sourceTree = "<group>"; };
		C737D6A82AF0A97200F901A8 /* Chart+Actor.swift */ = {isa = PBXFileReference; lastKnownFileType = sourcecode.swift; path = "Chart+Actor.swift"; sourceTree = "<group>"; };
		C737D6AB2AF0ABC900F901A8 /* Actor+Displayer.swift */ = {isa = PBXFileReference; lastKnownFileType = sourcecode.swift; path = "Actor+Displayer.swift"; sourceTree = "<group>"; };
		C737D6AD2AF0AD6B00F901A8 /* Actor+Highlighter.swift */ = {isa = PBXFileReference; lastKnownFileType = sourcecode.swift; path = "Actor+Highlighter.swift"; sourceTree = "<group>"; };
		C737D6B22AF0D48200F901A8 /* Actor+Snap.swift */ = {isa = PBXFileReference; lastKnownFileType = sourcecode.swift; path = "Actor+Snap.swift"; sourceTree = "<group>"; };
		C73B7E362AF8906300C3A219 /* NSIText.swift */ = {isa = PBXFileReference; lastKnownFileType = sourcecode.swift; path = NSIText.swift; sourceTree = "<group>"; };
		C73B7E3A2AF8A56A00C3A219 /* NSIText+Layer.swift */ = {isa = PBXFileReference; lastKnownFileType = sourcecode.swift; path = "NSIText+Layer.swift"; sourceTree = "<group>"; };
		C73B7E3C2AF8C79500C3A219 /* NSSCreen+Extensions.swift */ = {isa = PBXFileReference; lastKnownFileType = sourcecode.swift; path = "NSSCreen+Extensions.swift"; sourceTree = "<group>"; };
		C73BBB0A2942E25100472A75 /* ILockdown.swift */ = {isa = PBXFileReference; lastKnownFileType = sourcecode.swift; path = ILockdown.swift; sourceTree = "<group>"; };
		C73BBB0D2942E84D00472A75 /* IInstproxy.swift */ = {isa = PBXFileReference; lastKnownFileType = sourcecode.swift; path = IInstproxy.swift; sourceTree = "<group>"; };
		C73BBB102942FBE700472A75 /* IInstproxyModels.swift */ = {isa = PBXFileReference; lastKnownFileType = sourcecode.swift; path = IInstproxyModels.swift; sourceTree = "<group>"; };
		C73BBB122943094B00472A75 /* ILockdownModels.swift */ = {isa = PBXFileReference; lastKnownFileType = sourcecode.swift; path = ILockdownModels.swift; sourceTree = "<group>"; };
		C73BBB17294315A600472A75 /* ADevice.swift */ = {isa = PBXFileReference; lastKnownFileType = sourcecode.swift; path = ADevice.swift; sourceTree = "<group>"; };
		C73BBB1929431AD200472A75 /* Processcontrol.swift */ = {isa = PBXFileReference; lastKnownFileType = sourcecode.swift; path = Processcontrol.swift; sourceTree = "<group>"; };
		C7483B9029373A0400F32BE0 /* APMr.app */ = {isa = PBXFileReference; explicitFileType = wrapper.application; includeInIndex = 0; path = APMr.app; sourceTree = BUILT_PRODUCTS_DIR; };
		C7483B9329373A0400F32BE0 /* Application.swift */ = {isa = PBXFileReference; lastKnownFileType = sourcecode.swift; path = Application.swift; sourceTree = "<group>"; };
		C7483B9729373A0600F32BE0 /* Assets.xcassets */ = {isa = PBXFileReference; lastKnownFileType = folder.assetcatalog; path = Assets.xcassets; sourceTree = "<group>"; };
		C7483B9A29373A0600F32BE0 /* Preview Assets.xcassets */ = {isa = PBXFileReference; lastKnownFileType = folder.assetcatalog; path = "Preview Assets.xcassets"; sourceTree = "<group>"; };
		C7483B9C29373A0600F32BE0 /* APMr.entitlements */ = {isa = PBXFileReference; lastKnownFileType = text.plist.entitlements; path = APMr.entitlements; sourceTree = "<group>"; };
		C7483BA429373ADC00F32BE0 /* MobileManager.swift */ = {isa = PBXFileReference; fileEncoding = 4; lastKnownFileType = sourcecode.swift; path = MobileManager.swift; sourceTree = "<group>"; };
		C7483BA529373ADC00F32BE0 /* IDevice.swift */ = {isa = PBXFileReference; fileEncoding = 4; lastKnownFileType = sourcecode.swift; path = IDevice.swift; sourceTree = "<group>"; };
		C7483BAA29373ADC00F32BE0 /* IInstrumentsServiceProtocols.swift */ = {isa = PBXFileReference; fileEncoding = 4; lastKnownFileType = sourcecode.swift; path = IInstrumentsServiceProtocols.swift; sourceTree = "<group>"; };
		C7483BAC29373ADC00F32BE0 /* Sysmontap.swift */ = {isa = PBXFileReference; fileEncoding = 4; lastKnownFileType = sourcecode.swift; path = Sysmontap.swift; sourceTree = "<group>"; };
		C7483BAD29373ADC00F32BE0 /* DeviceInfo.swift */ = {isa = PBXFileReference; fileEncoding = 4; lastKnownFileType = sourcecode.swift; path = DeviceInfo.swift; sourceTree = "<group>"; };
		C7483BAE29373ADC00F32BE0 /* IInstruments.swift */ = {isa = PBXFileReference; fileEncoding = 4; lastKnownFileType = sourcecode.swift; path = IInstruments.swift; sourceTree = "<group>"; };
		C7483BB029373ADC00F32BE0 /* DTXMessageHandle.h */ = {isa = PBXFileReference; fileEncoding = 4; lastKnownFileType = sourcecode.c.h; path = DTXMessageHandle.h; sourceTree = "<group>"; };
		C7483BB129373ADC00F32BE0 /* DTXReceiveObject.h */ = {isa = PBXFileReference; fileEncoding = 4; lastKnownFileType = sourcecode.c.h; path = DTXReceiveObject.h; sourceTree = "<group>"; };
		C7483BB229373ADC00F32BE0 /* DTXArguments.h */ = {isa = PBXFileReference; fileEncoding = 4; lastKnownFileType = sourcecode.c.h; path = DTXArguments.h; sourceTree = "<group>"; };
		C7483BB329373ADC00F32BE0 /* DTXReceiveObject.m */ = {isa = PBXFileReference; fileEncoding = 4; lastKnownFileType = sourcecode.c.objc; path = DTXReceiveObject.m; sourceTree = "<group>"; };
		C7483BB429373ADC00F32BE0 /* DTXMessageHandle.m */ = {isa = PBXFileReference; fileEncoding = 4; lastKnownFileType = sourcecode.c.objc; path = DTXMessageHandle.m; sourceTree = "<group>"; };
		C7483BB529373ADC00F32BE0 /* DTXArguments.m */ = {isa = PBXFileReference; fileEncoding = 4; lastKnownFileType = sourcecode.c.objc; path = DTXArguments.m; sourceTree = "<group>"; };
		C7483BB929373ADC00F32BE0 /* libcrypto.a */ = {isa = PBXFileReference; lastKnownFileType = archive.ar; path = libcrypto.a; sourceTree = "<group>"; };
		C7483BBA29373ADC00F32BE0 /* libplist-2.0.a */ = {isa = PBXFileReference; lastKnownFileType = archive.ar; path = "libplist-2.0.a"; sourceTree = "<group>"; };
		C7483BBB29373ADC00F32BE0 /* libimobiledevice-1.0.a */ = {isa = PBXFileReference; lastKnownFileType = archive.ar; path = "libimobiledevice-1.0.a"; sourceTree = "<group>"; };
		C7483BBC29373ADC00F32BE0 /* libimobiledevice-glue-1.0.a */ = {isa = PBXFileReference; lastKnownFileType = archive.ar; path = "libimobiledevice-glue-1.0.a"; sourceTree = "<group>"; };
		C7483BBD29373ADC00F32BE0 /* libusbmuxd-2.0.a */ = {isa = PBXFileReference; lastKnownFileType = archive.ar; path = "libusbmuxd-2.0.a"; sourceTree = "<group>"; };
		C7483BBE29373ADC00F32BE0 /* libssl.a */ = {isa = PBXFileReference; lastKnownFileType = archive.ar; path = libssl.a; sourceTree = "<group>"; };
		C7483BC029373ADC00F32BE0 /* libcrypto.a */ = {isa = PBXFileReference; lastKnownFileType = archive.ar; path = libcrypto.a; sourceTree = "<group>"; };
		C7483BC129373ADC00F32BE0 /* libplist-2.0.a */ = {isa = PBXFileReference; lastKnownFileType = archive.ar; path = "libplist-2.0.a"; sourceTree = "<group>"; };
		C7483BC229373ADC00F32BE0 /* libimobiledevice-1.0.a */ = {isa = PBXFileReference; lastKnownFileType = archive.ar; path = "libimobiledevice-1.0.a"; sourceTree = "<group>"; };
		C7483BC329373ADC00F32BE0 /* libimobiledevice-glue-1.0.a */ = {isa = PBXFileReference; lastKnownFileType = archive.ar; path = "libimobiledevice-glue-1.0.a"; sourceTree = "<group>"; };
		C7483BC429373ADC00F32BE0 /* libusbmuxd-2.0.a */ = {isa = PBXFileReference; lastKnownFileType = archive.ar; path = "libusbmuxd-2.0.a"; sourceTree = "<group>"; };
		C7483BC529373ADC00F32BE0 /* libssl.a */ = {isa = PBXFileReference; lastKnownFileType = archive.ar; path = libssl.a; sourceTree = "<group>"; };
		C7483BC829373ADC00F32BE0 /* plist.h */ = {isa = PBXFileReference; fileEncoding = 4; lastKnownFileType = sourcecode.c.h; path = plist.h; sourceTree = "<group>"; };
		C7483BCA29373ADC00F32BE0 /* installation_proxy.h */ = {isa = PBXFileReference; fileEncoding = 4; lastKnownFileType = sourcecode.c.h; path = installation_proxy.h; sourceTree = "<group>"; };
		C7483BCB29373ADC00F32BE0 /* companion_proxy.h */ = {isa = PBXFileReference; fileEncoding = 4; lastKnownFileType = sourcecode.c.h; path = companion_proxy.h; sourceTree = "<group>"; };
		C7483BCC29373ADC00F32BE0 /* notification_proxy.h */ = {isa = PBXFileReference; fileEncoding = 4; lastKnownFileType = sourcecode.c.h; path = notification_proxy.h; sourceTree = "<group>"; };
		C7483BCD29373ADC00F32BE0 /* restore.h */ = {isa = PBXFileReference; fileEncoding = 4; lastKnownFileType = sourcecode.c.h; path = restore.h; sourceTree = "<group>"; };
		C7483BCE29373ADC00F32BE0 /* mobilebackup.h */ = {isa = PBXFileReference; fileEncoding = 4; lastKnownFileType = sourcecode.c.h; path = mobilebackup.h; sourceTree = "<group>"; };
		C7483BCF29373ADC00F32BE0 /* misagent.h */ = {isa = PBXFileReference; fileEncoding = 4; lastKnownFileType = sourcecode.c.h; path = misagent.h; sourceTree = "<group>"; };
		C7483BD029373ADC00F32BE0 /* property_list_service.h */ = {isa = PBXFileReference; fileEncoding = 4; lastKnownFileType = sourcecode.c.h; path = property_list_service.h; sourceTree = "<group>"; };
		C7483BD129373ADC00F32BE0 /* service.h */ = {isa = PBXFileReference; fileEncoding = 4; lastKnownFileType = sourcecode.c.h; path = service.h; sourceTree = "<group>"; };
		C7483BD229373ADC00F32BE0 /* mobileactivation.h */ = {isa = PBXFileReference; fileEncoding = 4; lastKnownFileType = sourcecode.c.h; path = mobileactivation.h; sourceTree = "<group>"; };
		C7483BD329373ADC00F32BE0 /* screenshotr.h */ = {isa = PBXFileReference; fileEncoding = 4; lastKnownFileType = sourcecode.c.h; path = screenshotr.h; sourceTree = "<group>"; };
		C7483BD429373ADC00F32BE0 /* file_relay.h */ = {isa = PBXFileReference; fileEncoding = 4; lastKnownFileType = sourcecode.c.h; path = file_relay.h; sourceTree = "<group>"; };
		C7483BD529373ADC00F32BE0 /* heartbeat.h */ = {isa = PBXFileReference; fileEncoding = 4; lastKnownFileType = sourcecode.c.h; path = heartbeat.h; sourceTree = "<group>"; };
		C7483BD629373ADC00F32BE0 /* preboard.h */ = {isa = PBXFileReference; fileEncoding = 4; lastKnownFileType = sourcecode.c.h; path = preboard.h; sourceTree = "<group>"; };
		C7483BD729373ADC00F32BE0 /* mobilebackup2.h */ = {isa = PBXFileReference; fileEncoding = 4; lastKnownFileType = sourcecode.c.h; path = mobilebackup2.h; sourceTree = "<group>"; };
		C7483BD829373ADC00F32BE0 /* mobile_image_mounter.h */ = {isa = PBXFileReference; fileEncoding = 4; lastKnownFileType = sourcecode.c.h; path = mobile_image_mounter.h; sourceTree = "<group>"; };
		C7483BD929373ADC00F32BE0 /* bt_packet_logger.h */ = {isa = PBXFileReference; fileEncoding = 4; lastKnownFileType = sourcecode.c.h; path = bt_packet_logger.h; sourceTree = "<group>"; };
		C7483BDA29373ADC00F32BE0 /* lockdown.h */ = {isa = PBXFileReference; fileEncoding = 4; lastKnownFileType = sourcecode.c.h; path = lockdown.h; sourceTree = "<group>"; };
		C7483BDB29373ADC00F32BE0 /* syslog_relay.h */ = {isa = PBXFileReference; fileEncoding = 4; lastKnownFileType = sourcecode.c.h; path = syslog_relay.h; sourceTree = "<group>"; };
		C7483BDC29373ADC00F32BE0 /* webinspector.h */ = {isa = PBXFileReference; fileEncoding = 4; lastKnownFileType = sourcecode.c.h; path = webinspector.h; sourceTree = "<group>"; };
		C7483BDD29373ADC00F32BE0 /* libimobiledevice.h */ = {isa = PBXFileReference; fileEncoding = 4; lastKnownFileType = sourcecode.c.h; path = libimobiledevice.h; sourceTree = "<group>"; };
		C7483BDE29373ADC00F32BE0 /* debugserver.h */ = {isa = PBXFileReference; fileEncoding = 4; lastKnownFileType = sourcecode.c.h; path = debugserver.h; sourceTree = "<group>"; };
		C7483BDF29373ADC00F32BE0 /* sbservices.h */ = {isa = PBXFileReference; fileEncoding = 4; lastKnownFileType = sourcecode.c.h; path = sbservices.h; sourceTree = "<group>"; };
		C7483BE029373ADC00F32BE0 /* reverse_proxy.h */ = {isa = PBXFileReference; fileEncoding = 4; lastKnownFileType = sourcecode.c.h; path = reverse_proxy.h; sourceTree = "<group>"; };
		C7483BE129373ADC00F32BE0 /* diagnostics_relay.h */ = {isa = PBXFileReference; fileEncoding = 4; lastKnownFileType = sourcecode.c.h; path = diagnostics_relay.h; sourceTree = "<group>"; };
		C7483BE229373ADC00F32BE0 /* afc.h */ = {isa = PBXFileReference; fileEncoding = 4; lastKnownFileType = sourcecode.c.h; path = afc.h; sourceTree = "<group>"; };
		C7483BE329373ADC00F32BE0 /* mobilesync.h */ = {isa = PBXFileReference; fileEncoding = 4; lastKnownFileType = sourcecode.c.h; path = mobilesync.h; sourceTree = "<group>"; };
		C7483BE429373ADC00F32BE0 /* house_arrest.h */ = {isa = PBXFileReference; fileEncoding = 4; lastKnownFileType = sourcecode.c.h; path = house_arrest.h; sourceTree = "<group>"; };
		C7483BE529373ADC00F32BE0 /* MDUtil.m */ = {isa = PBXFileReference; fileEncoding = 4; lastKnownFileType = sourcecode.c.objc; path = MDUtil.m; sourceTree = "<group>"; };
		C7483BE629373ADC00F32BE0 /* headers.h */ = {isa = PBXFileReference; fileEncoding = 4; lastKnownFileType = sourcecode.c.h; path = headers.h; sourceTree = "<group>"; };
		C7483BE729373ADC00F32BE0 /* MDUtil.h */ = {isa = PBXFileReference; fileEncoding = 4; lastKnownFileType = sourcecode.c.h; path = MDUtil.h; sourceTree = "<group>"; };
		C7483BE829373ADC00F32BE0 /* module.modulemap */ = {isa = PBXFileReference; fileEncoding = 4; lastKnownFileType = "sourcecode.module-map"; path = module.modulemap; sourceTree = "<group>"; };
		C74B14A42AE7684200A06D05 /* NSISides.swift */ = {isa = PBXFileReference; lastKnownFileType = sourcecode.swift; path = NSISides.swift; sourceTree = "<group>"; };
		C74C3E0C2AD52B3E00F70A36 /* Cell+Checker.swift */ = {isa = PBXFileReference; lastKnownFileType = sourcecode.swift; path = "Cell+Checker.swift"; sourceTree = "<group>"; };
		C74C3E0E2AD52B4A00F70A36 /* Cell+Chart.swift */ = {isa = PBXFileReference; lastKnownFileType = sourcecode.swift; path = "Cell+Chart.swift"; sourceTree = "<group>"; };
		C74C3E102AD52B5500F70A36 /* Cell+Axis.swift */ = {isa = PBXFileReference; lastKnownFileType = sourcecode.swift; path = "Cell+Axis.swift"; sourceTree = "<group>"; };
		C74C3E122AD52B5E00F70A36 /* Cell+Hint.swift */ = {isa = PBXFileReference; lastKnownFileType = sourcecode.swift; path = "Cell+Hint.swift"; sourceTree = "<group>"; };
		C74C3E142AD52C4300F70A36 /* Cell+Layer.swift */ = {isa = PBXFileReference; lastKnownFileType = sourcecode.swift; path = "Cell+Layer.swift"; sourceTree = "<group>"; };
		C74C3E162AD52C9900F70A36 /* Cell+Content.swift */ = {isa = PBXFileReference; lastKnownFileType = sourcecode.swift; path = "Cell+Content.swift"; sourceTree = "<group>"; };
		C74C3E182AD5381300F70A36 /* Font+Extensions.swift */ = {isa = PBXFileReference; lastKnownFileType = sourcecode.swift; path = "Font+Extensions.swift"; sourceTree = "<group>"; };
		C7515C512A28851800CFA925 /* CoreParserModels.swift */ = {isa = PBXFileReference; lastKnownFileType = sourcecode.swift; path = CoreParserModels.swift; sourceTree = "<group>"; };
		C75750F6293DA1980074E707 /* SysmotapModels.swift */ = {isa = PBXFileReference; lastKnownFileType = sourcecode.swift; path = SysmotapModels.swift; sourceTree = "<group>"; };
		C758DE8A2AFB4E0500467F83 /* IFonts.swift */ = {isa = PBXFileReference; lastKnownFileType = sourcecode.swift; path = IFonts.swift; sourceTree = "<group>"; };
		C758DE8C2AFB568B00467F83 /* CATextLayer+Extensions.swift */ = {isa = PBXFileReference; lastKnownFileType = sourcecode.swift; path = "CATextLayer+Extensions.swift"; sourceTree = "<group>"; };
		C7640A602A84C41100C1F267 /* ICharts.swift */ = {isa = PBXFileReference; lastKnownFileType = sourcecode.swift; path = ICharts.swift; sourceTree = "<group>"; };
		C7640A622A84DBAD00C1F267 /* ICharts+Cell.swift */ = {isa = PBXFileReference; lastKnownFileType = sourcecode.swift; path = "ICharts+Cell.swift"; sourceTree = "<group>"; };
		C7651EFE298B5FC3006F3310 /* Int64+Extensions.swift */ = {isa = PBXFileReference; lastKnownFileType = sourcecode.swift; path = "Int64+Extensions.swift"; sourceTree = "<group>"; };
		C76A6EF62A614E1900836807 /* IPerformanceView.swift */ = {isa = PBXFileReference; fileEncoding = 4; lastKnownFileType = sourcecode.swift; path = IPerformanceView.swift; sourceTree = "<group>"; };
		C76ACF3E2996166C005CF720 /* CGFloat+Extensions.swift */ = {isa = PBXFileReference; lastKnownFileType = sourcecode.swift; path = "CGFloat+Extensions.swift"; sourceTree = "<group>"; };
		C76BE1892AD7BCB8004E6DDF /* Chart+Model.swift */ = {isa = PBXFileReference; lastKnownFileType = sourcecode.swift; path = "Chart+Model.swift"; sourceTree = "<group>"; };
		C76E7B5C2951BBB3004F009B /* Colors.xcassets */ = {isa = PBXFileReference; lastKnownFileType = folder.assetcatalog; path = Colors.xcassets; sourceTree = "<group>"; };
		C76E7B602951BC70004F009B /* Color+Extensions.swift */ = {isa = PBXFileReference; fileEncoding = 4; lastKnownFileType = sourcecode.swift; path = "Color+Extensions.swift"; sourceTree = "<group>"; };
		C7719B432987B5D700DC6044 /* IDiagnosticsRelay.swift */ = {isa = PBXFileReference; lastKnownFileType = sourcecode.swift; path = IDiagnosticsRelay.swift; sourceTree = "<group>"; };
		C771EF6D2A4A8AC800EC305E /* NavigationView.swift */ = {isa = PBXFileReference; lastKnownFileType = sourcecode.swift; path = NavigationView.swift; sourceTree = "<group>"; };
		C771EF6F2A4A8AE800EC305E /* ANavigation.swift */ = {isa = PBXFileReference; lastKnownFileType = sourcecode.swift; path = ANavigation.swift; sourceTree = "<group>"; };
		C7764FDD29652D3000D4A6C6 /* EnergyModels.swift */ = {isa = PBXFileReference; lastKnownFileType = sourcecode.swift; path = EnergyModels.swift; sourceTree = "<group>"; };
		C7790F2629A5EEAF00948934 /* CoreProfileSessionTap.swift */ = {isa = PBXFileReference; lastKnownFileType = sourcecode.swift; path = CoreProfileSessionTap.swift; sourceTree = "<group>"; };
		C77952822AE8D59500DBF98E /* NSITable.swift */ = {isa = PBXFileReference; lastKnownFileType = sourcecode.swift; path = NSITable.swift; sourceTree = "<group>"; };
		C77B36842A6137800054DE7F /* NSEdgeInset+Extensions.swift */ = {isa = PBXFileReference; lastKnownFileType = sourcecode.swift; path = "NSEdgeInset+Extensions.swift"; sourceTree = "<group>"; };
		C780D1152941911B00EF5633 /* IInstrumentsServiceGroup.swift */ = {isa = PBXFileReference; lastKnownFileType = sourcecode.swift; path = IInstrumentsServiceGroup.swift; sourceTree = "<group>"; };
		C780D11729419E6100EF5633 /* OpenglModels.swift */ = {isa = PBXFileReference; lastKnownFileType = sourcecode.swift; path = OpenglModels.swift; sourceTree = "<group>"; };
		C7842C2D2AEB694700658692 /* NSICollection.swift */ = {isa = PBXFileReference; lastKnownFileType = sourcecode.swift; path = NSICollection.swift; sourceTree = "<group>"; };
		C7842C2F2AEB842500658692 /* DispatchQueue+Extensions.swift */ = {isa = PBXFileReference; lastKnownFileType = sourcecode.swift; path = "DispatchQueue+Extensions.swift"; sourceTree = "<group>"; };
		C786B35F2A4ACF7800F3ABB8 /* DSPMetrics.swift */ = {isa = PBXFileReference; lastKnownFileType = sourcecode.swift; path = DSPMetrics.swift; sourceTree = "<group>"; };
		C7A1C4522A0384C5009BA0D5 /* Engery.swift */ = {isa = PBXFileReference; fileEncoding = 4; lastKnownFileType = sourcecode.swift; path = Engery.swift; sourceTree = "<group>"; };
		C7A487DA2A24AC5700A033B9 /* Typealias.swift */ = {isa = PBXFileReference; lastKnownFileType = sourcecode.swift; path = Typealias.swift; sourceTree = "<group>"; };
		C7AB90622AF388E700DDE900 /* IColors.swift */ = {isa = PBXFileReference; lastKnownFileType = sourcecode.swift; path = IColors.swift; sourceTree = "<group>"; };
		C7AB90642AF38BED00DDE900 /* IColors+NSColor.swift */ = {isa = PBXFileReference; lastKnownFileType = sourcecode.swift; path = "IColors+NSColor.swift"; sourceTree = "<group>"; };
		C7AB90662AF38C8300DDE900 /* IColors+Color.swift */ = {isa = PBXFileReference; lastKnownFileType = sourcecode.swift; path = "IColors+Color.swift"; sourceTree = "<group>"; };
		C7AC987E2956E0C200A6580B /* NetworkStatistics.swift */ = {isa = PBXFileReference; lastKnownFileType = sourcecode.swift; path = NetworkStatistics.swift; sourceTree = "<group>"; };
		C7AC98802956EB1D00A6580B /* Networking.swift */ = {isa = PBXFileReference; lastKnownFileType = sourcecode.swift; path = Networking.swift; sourceTree = "<group>"; };
		C7AC9894295C816500A6580B /* NetworkStatisticsModels.swift */ = {isa = PBXFileReference; lastKnownFileType = sourcecode.swift; path = NetworkStatisticsModels.swift; sourceTree = "<group>"; };
		C7B8B35A2A5411B5008E9D53 /* CPerformance.swift */ = {isa = PBXFileReference; lastKnownFileType = sourcecode.swift; path = CPerformance.swift; sourceTree = "<group>"; };
		C7B8B35C2A541872008E9D53 /* Chart.swift */ = {isa = PBXFileReference; lastKnownFileType = sourcecode.swift; path = Chart.swift; sourceTree = "<group>"; };
		C7C15F882A0B99E80066FA85 /* Data+Extension.swift */ = {isa = PBXFileReference; lastKnownFileType = sourcecode.swift; path = "Data+Extension.swift"; sourceTree = "<group>"; };
		C7CB104E2A0A0B1B00828F3D /* ModelParser.swift */ = {isa = PBXFileReference; lastKnownFileType = sourcecode.swift; path = ModelParser.swift; sourceTree = "<group>"; };
		C7CB10502A0A102500828F3D /* CoreProfileSessionTapModels.swift */ = {isa = PBXFileReference; lastKnownFileType = sourcecode.swift; path = CoreProfileSessionTapModels.swift; sourceTree = "<group>"; };
		C7D0A1A52A08EF0200E8769C /* DeviceInfoModels.swift */ = {isa = PBXFileReference; lastKnownFileType = sourcecode.swift; path = DeviceInfoModels.swift; sourceTree = "<group>"; };
		C7D0D1B32A5E742600F610F6 /* ALockAction.swift */ = {isa = PBXFileReference; lastKnownFileType = sourcecode.swift; path = ALockAction.swift; sourceTree = "<group>"; };
		C7D70FA62A13342A0015ABAE /* InputStream+Extensions.swift */ = {isa = PBXFileReference; lastKnownFileType = sourcecode.swift; path = "InputStream+Extensions.swift"; sourceTree = "<group>"; };
		C7E137CA299C9C92000CD484 /* ObjectAlloc.swift */ = {isa = PBXFileReference; lastKnownFileType = sourcecode.swift; path = ObjectAlloc.swift; sourceTree = "<group>"; };
		C7E137CC299CB52A000CD484 /* Base.swift */ = {isa = PBXFileReference; lastKnownFileType = sourcecode.swift; path = Base.swift; sourceTree = "<group>"; };
		C7E3A7022AFA128400F0C35A /* Bool+Extensions.swift */ = {isa = PBXFileReference; lastKnownFileType = sourcecode.swift; path = "Bool+Extensions.swift"; sourceTree = "<group>"; };
		C7E3A7042AFA13D400F0C35A /* CALayer+Extensions.swift */ = {isa = PBXFileReference; lastKnownFileType = sourcecode.swift; path = "CALayer+Extensions.swift"; sourceTree = "<group>"; };
		C7E3A70F2AFA36F500F0C35A /* ILaunchMonitorView.swift */ = {isa = PBXFileReference; lastKnownFileType = sourcecode.swift; path = ILaunchMonitorView.swift; sourceTree = "<group>"; };
		C7E3A7122AFA3AF700F0C35A /* NSImageView+Extensions.swift */ = {isa = PBXFileReference; lastKnownFileType = sourcecode.swift; path = "NSImageView+Extensions.swift"; sourceTree = "<group>"; };
		C7E3A7182AFA422000F0C35A /* NSImage+Extensions.swift */ = {isa = PBXFileReference; lastKnownFileType = sourcecode.swift; path = "NSImage+Extensions.swift"; sourceTree = "<group>"; };
		C7E40A482A5E5CA5001629E3 /* DSPMetrics+Entity.swift */ = {isa = PBXFileReference; lastKnownFileType = sourcecode.swift; path = "DSPMetrics+Entity.swift"; sourceTree = "<group>"; };
		C7E8C3652AF4995C0001FC4B /* PanelSetCell+Panel.swift */ = {isa = PBXFileReference; lastKnownFileType = sourcecode.swift; path = "PanelSetCell+Panel.swift"; sourceTree = "<group>"; };
		C7E8C3672AF49A390001FC4B /* NSView+Extensions.swift */ = {isa = PBXFileReference; lastKnownFileType = sourcecode.swift; path = "NSView+Extensions.swift"; sourceTree = "<group>"; };
		C7E8C36B2AF4A13F0001FC4B /* NSILabel.swift */ = {isa = PBXFileReference; lastKnownFileType = sourcecode.swift; path = NSILabel.swift; sourceTree = "<group>"; };
		C7EA8E032AFDE31400D412AC /* Panel+Headline.swift */ = {isa = PBXFileReference; lastKnownFileType = sourcecode.swift; path = "Panel+Headline.swift"; sourceTree = "<group>"; };
		C7EA8E052AFE18B900D412AC /* Panel+NoteRow.swift */ = {isa = PBXFileReference; lastKnownFileType = sourcecode.swift; path = "Panel+NoteRow.swift"; sourceTree = "<group>"; };
		C7F2AB752A64EEA00031E97A /* Array+Extensions.swift */ = {isa = PBXFileReference; lastKnownFileType = sourcecode.swift; path = "Array+Extensions.swift"; sourceTree = "<group>"; };
		C7F5DA882946EF94005C6F7D /* GPU.swift */ = {isa = PBXFileReference; lastKnownFileType = sourcecode.swift; path = GPU.swift; sourceTree = "<group>"; };
		C7FA2E4F299E036A00FE78F2 /* ProcessControlByDictionary.swift */ = {isa = PBXFileReference; lastKnownFileType = sourcecode.swift; path = ProcessControlByDictionary.swift; sourceTree = "<group>"; };
		C7FA2E51299E28F900FE78F2 /* Sampling.swift */ = {isa = PBXFileReference; lastKnownFileType = sourcecode.swift; path = Sampling.swift; sourceTree = "<group>"; };
		C7FBB4782A1C965F00A6A8DF /* CoreParser.swift */ = {isa = PBXFileReference; lastKnownFileType = sourcecode.swift; path = CoreParser.swift; sourceTree = "<group>"; };
		CF29673E9DD30442430F30F3 /* Pods-APMr.debug.xcconfig */ = {isa = PBXFileReference; includeInIndex = 1; lastKnownFileType = text.xcconfig; name = "Pods-APMr.debug.xcconfig"; path = "Target Support Files/Pods-APMr/Pods-APMr.debug.xcconfig"; sourceTree = "<group>"; };
		DADA9EDEA0F1466ED00BCE2D /* Pods_APMr.framework */ = {isa = PBXFileReference; explicitFileType = wrapper.framework; includeInIndex = 0; path = Pods_APMr.framework; sourceTree = BUILT_PRODUCTS_DIR; };
/* End PBXFileReference section */

/* Begin PBXFrameworksBuildPhase section */
		C7483B8D29373A0400F32BE0 /* Frameworks */ = {
			isa = PBXFrameworksBuildPhase;
			buildActionMask = 2147483647;
			files = (
				C7483BFE29373ADC00F32BE0 /* libusbmuxd-2.0.a in Frameworks */,
				C7483BF729373ADC00F32BE0 /* libimobiledevice-glue-1.0.a in Frameworks */,
				C7483BF829373ADC00F32BE0 /* libusbmuxd-2.0.a in Frameworks */,
				C7483BFC29373ADC00F32BE0 /* libimobiledevice-1.0.a in Frameworks */,
				C7483BF929373ADC00F32BE0 /* libssl.a in Frameworks */,
				C7483BF429373ADC00F32BE0 /* libcrypto.a in Frameworks */,
				C7483BF529373ADC00F32BE0 /* libplist-2.0.a in Frameworks */,
				C7483BFD29373ADC00F32BE0 /* libimobiledevice-glue-1.0.a in Frameworks */,
				C7483BFF29373ADC00F32BE0 /* libssl.a in Frameworks */,
				C7483BFB29373ADC00F32BE0 /* libplist-2.0.a in Frameworks */,
				C7483BF629373ADC00F32BE0 /* libimobiledevice-1.0.a in Frameworks */,
				C7483BFA29373ADC00F32BE0 /* libcrypto.a in Frameworks */,
				E2EEEE13B7F1A6303EF4CE35 /* Pods_APMr.framework in Frameworks */,
			);
			runOnlyForDeploymentPostprocessing = 0;
		};
/* End PBXFrameworksBuildPhase section */

/* Begin PBXGroup section */
		2AE30AA43703526A575D7BE6 /* Pods */ = {
			isa = PBXGroup;
			children = (
				CF29673E9DD30442430F30F3 /* Pods-APMr.debug.xcconfig */,
				ACD59CADAF1357C5444C9979 /* Pods-APMr.release.xcconfig */,
			);
			path = Pods;
			sourceTree = "<group>";
		};
		C7150E70293C901900C2B380 /* Foundation */ = {
			isa = PBXGroup;
			children = (
				C7483BB629373ADC00F32BE0 /* LibIMobileDevice */,
			);
			path = Foundation;
			sourceTree = "<group>";
		};
		C71A9EB82AD66B7A001626A5 /* Chart */ = {
			isa = PBXGroup;
			children = (
				C7640A602A84C41100C1F267 /* ICharts.swift */,
				C737D6B42AF0E36400F901A8 /* Cell */,
			);
			path = Chart;
			sourceTree = "<group>";
		};
		C71A9EB92AD66BC9001626A5 /* Details */ = {
			isa = PBXGroup;
			children = (
				C71A9EBA2AD66D30001626A5 /* ISides.swift */,
				C74B14A42AE7684200A06D05 /* NSISides.swift */,
				C7E8C3622AF497D80001FC4B /* NSSIdes+Cell */,
			);
			path = Details;
			sourceTree = "<group>";
		};
		C72271742AFCED9800811E55 /* PanelSetCell */ = {
			isa = PBXGroup;
			children = (
				C72271722AFCE58000811E55 /* NSISides+PanelSetCell.swift */,
				C7E8C3652AF4995C0001FC4B /* PanelSetCell+Panel.swift */,
				C7EA8E032AFDE31400D412AC /* Panel+Headline.swift */,
				C7EA8E052AFE18B900D412AC /* Panel+NoteRow.swift */,
			);
			path = PanelSetCell;
			sourceTree = "<group>";
		};
		C72271752AFCEDA800811E55 /* HeadlineCell */ = {
			isa = PBXGroup;
			children = (
				C72271702AFCE56C00811E55 /* NSISides+HeadlineCell.swift */,
			);
			path = HeadlineCell;
			sourceTree = "<group>";
		};
		C737D6972AF09F2000F901A8 /* CPerformance+Chart */ = {
			isa = PBXGroup;
			children = (
				C7B8B35C2A541872008E9D53 /* Chart.swift */,
				C737D6A42AF0A72C00F901A8 /* Drawer */,
				C737D6A72AF0A90100F901A8 /* Actor */,
				C737D6AA2AF0AA1200F901A8 /* Model */,
			);
			path = "CPerformance+Chart";
			sourceTree = "<group>";
		};
		C737D6A42AF0A72C00F901A8 /* Drawer */ = {
			isa = PBXGroup;
			children = (
				C737D6A52AF0A7BD00F901A8 /* Chart+Drawer.swift */,
				C737D69A2AF0A38C00F901A8 /* Drawer+Group.swift */,
				C737D69C2AF0A3BD00F901A8 /* Drawer+Notifier.swift */,
				C737D69E2AF0A3EC00F901A8 /* Drawer+Graph.swift */,
				C737D6A02AF0A42600F901A8 /* Drawer+Series.swift */,
				C737D6A22AF0A45F00F901A8 /* Drawer+Axis.swift */,
			);
			path = Drawer;
			sourceTree = "<group>";
		};
		C737D6A72AF0A90100F901A8 /* Actor */ = {
			isa = PBXGroup;
			children = (
				C737D6A82AF0A97200F901A8 /* Chart+Actor.swift */,
				C737D6AB2AF0ABC900F901A8 /* Actor+Displayer.swift */,
				C737D6AD2AF0AD6B00F901A8 /* Actor+Highlighter.swift */,
				C737D6B22AF0D48200F901A8 /* Actor+Snap.swift */,
			);
			path = Actor;
			sourceTree = "<group>";
		};
		C737D6AA2AF0AA1200F901A8 /* Model */ = {
			isa = PBXGroup;
			children = (
				C76BE1892AD7BCB8004E6DDF /* Chart+Model.swift */,
			);
			path = Model;
			sourceTree = "<group>";
		};
		C737D6B42AF0E36400F901A8 /* Cell */ = {
			isa = PBXGroup;
			children = (
				C7640A622A84DBAD00C1F267 /* ICharts+Cell.swift */,
				C74C3E0C2AD52B3E00F70A36 /* Cell+Checker.swift */,
				C74C3E0E2AD52B4A00F70A36 /* Cell+Chart.swift */,
				C74C3E102AD52B5500F70A36 /* Cell+Axis.swift */,
				C74C3E122AD52B5E00F70A36 /* Cell+Hint.swift */,
				C74C3E162AD52C9900F70A36 /* Cell+Content.swift */,
				C74C3E142AD52C4300F70A36 /* Cell+Layer.swift */,
			);
			path = Cell;
			sourceTree = "<group>";
		};
		C73B7E352AF88F0300C3A219 /* NSIText */ = {
			isa = PBXGroup;
			children = (
				C73B7E362AF8906300C3A219 /* NSIText.swift */,
				C73B7E3A2AF8A56A00C3A219 /* NSIText+Layer.swift */,
			);
			path = NSIText;
			sourceTree = "<group>";
		};
		C73BBB0C2942E25700472A75 /* IServices */ = {
			isa = PBXGroup;
			children = (
				C7483BA529373ADC00F32BE0 /* IDevice.swift */,
				C73BBB0A2942E25100472A75 /* ILockdown.swift */,
				C7D0D1B52A5E77E800F610F6 /* IInstance */,
				C73BBB0F2942FBC900472A75 /* Models */,
			);
			path = IServices;
			sourceTree = "<group>";
		};
		C73BBB0F2942FBC900472A75 /* Models */ = {
			isa = PBXGroup;
			children = (
				C73BBB102942FBE700472A75 /* IInstproxyModels.swift */,
				C73BBB122943094B00472A75 /* ILockdownModels.swift */,
			);
			path = Models;
			sourceTree = "<group>";
		};
		C7429B962AF4F0440048574D /* NSILabel */ = {
			isa = PBXGroup;
			children = (
				C7E8C36B2AF4A13F0001FC4B /* NSILabel.swift */,
			);
			path = NSILabel;
			sourceTree = "<group>";
		};
		C7483B8729373A0400F32BE0 = {
			isa = PBXGroup;
			children = (
				C7483B9229373A0400F32BE0 /* APMr */,
				C7483B9129373A0400F32BE0 /* Products */,
				CE95B25BB2AD54E6AE8BD8A2 /* Frameworks */,
				2AE30AA43703526A575D7BE6 /* Pods */,
			);
			sourceTree = "<group>";
		};
		C7483B9129373A0400F32BE0 /* Products */ = {
			isa = PBXGroup;
			children = (
				C7483B9029373A0400F32BE0 /* APMr.app */,
			);
			name = Products;
			sourceTree = "<group>";
		};
		C7483B9229373A0400F32BE0 /* APMr */ = {
			isa = PBXGroup;
			children = (
				C76E7B592951BA36004F009B /* Environment */,
				C779C6B2296BDE9A00F710D4 /* Application */,
				C7B8B34B2A53F996008E9D53 /* Activities */,
				C7B8B3582A54118E008E9D53 /* Commercial */,
				C771EF6B2A4A886400EC305E /* Interface */,
				C780D11129418C2E00EF5633 /* Global */,
				C7150E70293C901900C2B380 /* Foundation */,
			);
			path = APMr;
			sourceTree = "<group>";
		};
		C7483B9929373A0600F32BE0 /* Preview Content */ = {
			isa = PBXGroup;
			children = (
				C7483B9A29373A0600F32BE0 /* Preview Assets.xcassets */,
			);
			path = "Preview Content";
			sourceTree = "<group>";
		};
		C7483BA629373ADC00F32BE0 /* Instruments */ = {
			isa = PBXGroup;
			children = (
				C7483BAE29373ADC00F32BE0 /* IInstruments.swift */,
				C780D1152941911B00EF5633 /* IInstrumentsServiceGroup.swift */,
				C7483BAA29373ADC00F32BE0 /* IInstrumentsServiceProtocols.swift */,
				C7483BAB29373ADC00F32BE0 /* Services */,
				C7CB10492A0A071600828F3D /* Parsers */,
				C7483BA829373ADC00F32BE0 /* Models */,
			);
			path = Instruments;
			sourceTree = "<group>";
		};
		C7483BA829373ADC00F32BE0 /* Models */ = {
			isa = PBXGroup;
			children = (
				C75750F6293DA1980074E707 /* SysmotapModels.swift */,
				C780D11729419E6100EF5633 /* OpenglModels.swift */,
				C7AC9894295C816500A6580B /* NetworkStatisticsModels.swift */,
				C704D00F2963EC600065004D /* NetworkingModels.swift */,
				C7764FDD29652D3000D4A6C6 /* EnergyModels.swift */,
				C7D0A1A52A08EF0200E8769C /* DeviceInfoModels.swift */,
				C7CB10502A0A102500828F3D /* CoreProfileSessionTapModels.swift */,
				C7515C512A28851800CFA925 /* CoreParserModels.swift */,
				C70BFCBB2A29DFA900CBD6B3 /* CoreParserHandleModels.swift */,
			);
			path = Models;
			sourceTree = "<group>";
		};
		C7483BAB29373ADC00F32BE0 /* Services */ = {
			isa = PBXGroup;
			children = (
				C7E137CC299CB52A000CD484 /* Base.swift */,
				C7790F2629A5EEAF00948934 /* CoreProfileSessionTap.swift */,
				C7483BAD29373ADC00F32BE0 /* DeviceInfo.swift */,
				C7A1C4522A0384C5009BA0D5 /* Engery.swift */,
				C7F5DA882946EF94005C6F7D /* GPU.swift */,
				C7AC98802956EB1D00A6580B /* Networking.swift */,
				C7AC987E2956E0C200A6580B /* NetworkStatistics.swift */,
				C7E137CA299C9C92000CD484 /* ObjectAlloc.swift */,
				C70F8FA7293850F400E8DCE1 /* Opengl.swift */,
				C73BBB1929431AD200472A75 /* Processcontrol.swift */,
				C7FA2E4F299E036A00FE78F2 /* ProcessControlByDictionary.swift */,
				C7FA2E51299E28F900FE78F2 /* Sampling.swift */,
				C7483BAC29373ADC00F32BE0 /* Sysmontap.swift */,
			);
			path = Services;
			sourceTree = "<group>";
		};
		C7483BAF29373ADC00F32BE0 /* DTXMessageHandle */ = {
			isa = PBXGroup;
			children = (
				C7483BE729373ADC00F32BE0 /* MDUtil.h */,
				C7483BE529373ADC00F32BE0 /* MDUtil.m */,
				C7483BB229373ADC00F32BE0 /* DTXArguments.h */,
				C7483BB529373ADC00F32BE0 /* DTXArguments.m */,
				C7483BB029373ADC00F32BE0 /* DTXMessageHandle.h */,
				C7483BB429373ADC00F32BE0 /* DTXMessageHandle.m */,
				C7483BB129373ADC00F32BE0 /* DTXReceiveObject.h */,
				C7483BB329373ADC00F32BE0 /* DTXReceiveObject.m */,
			);
			path = DTXMessageHandle;
			sourceTree = "<group>";
		};
		C7483BB629373ADC00F32BE0 /* LibIMobileDevice */ = {
			isa = PBXGroup;
			children = (
				C7483BC629373ADC00F32BE0 /* Src */,
				C7483BB729373ADC00F32BE0 /* Libraries */,
			);
			path = LibIMobileDevice;
			sourceTree = "<group>";
		};
		C7483BB729373ADC00F32BE0 /* Libraries */ = {
			isa = PBXGroup;
			children = (
				C7483BB829373ADC00F32BE0 /* x86 */,
				C7483BBF29373ADC00F32BE0 /* arm64 */,
			);
			path = Libraries;
			sourceTree = "<group>";
		};
		C7483BB829373ADC00F32BE0 /* x86 */ = {
			isa = PBXGroup;
			children = (
				C7483BB929373ADC00F32BE0 /* libcrypto.a */,
				C7483BBA29373ADC00F32BE0 /* libplist-2.0.a */,
				C7483BBB29373ADC00F32BE0 /* libimobiledevice-1.0.a */,
				C7483BBC29373ADC00F32BE0 /* libimobiledevice-glue-1.0.a */,
				C7483BBD29373ADC00F32BE0 /* libusbmuxd-2.0.a */,
				C7483BBE29373ADC00F32BE0 /* libssl.a */,
			);
			path = x86;
			sourceTree = "<group>";
		};
		C7483BBF29373ADC00F32BE0 /* arm64 */ = {
			isa = PBXGroup;
			children = (
				C7483BC029373ADC00F32BE0 /* libcrypto.a */,
				C7483BC129373ADC00F32BE0 /* libplist-2.0.a */,
				C7483BC229373ADC00F32BE0 /* libimobiledevice-1.0.a */,
				C7483BC329373ADC00F32BE0 /* libimobiledevice-glue-1.0.a */,
				C7483BC429373ADC00F32BE0 /* libusbmuxd-2.0.a */,
				C7483BC529373ADC00F32BE0 /* libssl.a */,
			);
			path = arm64;
			sourceTree = "<group>";
		};
		C7483BC629373ADC00F32BE0 /* Src */ = {
			isa = PBXGroup;
			children = (
				C7483BE629373ADC00F32BE0 /* headers.h */,
				C7483BE829373ADC00F32BE0 /* module.modulemap */,
				C7483BAF29373ADC00F32BE0 /* DTXMessageHandle */,
				C7483BC929373ADC00F32BE0 /* libimobiledevice */,
				C7483BC729373ADC00F32BE0 /* plist */,
			);
			path = Src;
			sourceTree = "<group>";
		};
		C7483BC729373ADC00F32BE0 /* plist */ = {
			isa = PBXGroup;
			children = (
				C7483BC829373ADC00F32BE0 /* plist.h */,
			);
			path = plist;
			sourceTree = "<group>";
		};
		C7483BC929373ADC00F32BE0 /* libimobiledevice */ = {
			isa = PBXGroup;
			children = (
				C7483BCA29373ADC00F32BE0 /* installation_proxy.h */,
				C7483BCB29373ADC00F32BE0 /* companion_proxy.h */,
				C7483BCC29373ADC00F32BE0 /* notification_proxy.h */,
				C7483BCD29373ADC00F32BE0 /* restore.h */,
				C7483BCE29373ADC00F32BE0 /* mobilebackup.h */,
				C7483BCF29373ADC00F32BE0 /* misagent.h */,
				C7483BD029373ADC00F32BE0 /* property_list_service.h */,
				C7483BD129373ADC00F32BE0 /* service.h */,
				C7483BD229373ADC00F32BE0 /* mobileactivation.h */,
				C7483BD329373ADC00F32BE0 /* screenshotr.h */,
				C7483BD429373ADC00F32BE0 /* file_relay.h */,
				C7483BD529373ADC00F32BE0 /* heartbeat.h */,
				C7483BD629373ADC00F32BE0 /* preboard.h */,
				C7483BD729373ADC00F32BE0 /* mobilebackup2.h */,
				C7483BD829373ADC00F32BE0 /* mobile_image_mounter.h */,
				C7483BD929373ADC00F32BE0 /* bt_packet_logger.h */,
				C7483BDA29373ADC00F32BE0 /* lockdown.h */,
				C7483BDB29373ADC00F32BE0 /* syslog_relay.h */,
				C7483BDC29373ADC00F32BE0 /* webinspector.h */,
				C7483BDD29373ADC00F32BE0 /* libimobiledevice.h */,
				C7483BDE29373ADC00F32BE0 /* debugserver.h */,
				C7483BDF29373ADC00F32BE0 /* sbservices.h */,
				C7483BE029373ADC00F32BE0 /* reverse_proxy.h */,
				C7483BE129373ADC00F32BE0 /* diagnostics_relay.h */,
				C7483BE229373ADC00F32BE0 /* afc.h */,
				C7483BE329373ADC00F32BE0 /* mobilesync.h */,
				C7483BE429373ADC00F32BE0 /* house_arrest.h */,
			);
			path = libimobiledevice;
			sourceTree = "<group>";
		};
		C758DE892AFB4DF900467F83 /* IFonts */ = {
			isa = PBXGroup;
			children = (
				C758DE8A2AFB4E0500467F83 /* IFonts.swift */,
			);
			path = IFonts;
			sourceTree = "<group>";
		};
		C76A6EF32A614E1900836807 /* Performance */ = {
			isa = PBXGroup;
			children = (
				C76A6EF62A614E1900836807 /* IPerformanceView.swift */,
				C71A9EB82AD66B7A001626A5 /* Chart */,
				C71A9EB92AD66BC9001626A5 /* Details */,
			);
			name = Performance;
			path = APMr/Activities/Performance;
			sourceTree = SOURCE_ROOT;
		};
		C76E7B592951BA36004F009B /* Environment */ = {
			isa = PBXGroup;
			children = (
				C76E7B5B2951BAA7004F009B /* Assets */,
				C7483B9929373A0600F32BE0 /* Preview Content */,
				C76E7B5A2951BA88004F009B /* CodeSignEntilements */,
			);
			path = Environment;
			sourceTree = "<group>";
		};
		C76E7B5A2951BA88004F009B /* CodeSignEntilements */ = {
			isa = PBXGroup;
			children = (
				C7483B9C29373A0600F32BE0 /* APMr.entitlements */,
			);
			path = CodeSignEntilements;
			sourceTree = "<group>";
		};
		C76E7B5B2951BAA7004F009B /* Assets */ = {
			isa = PBXGroup;
			children = (
				C7483B9729373A0600F32BE0 /* Assets.xcassets */,
				C76E7B5C2951BBB3004F009B /* Colors.xcassets */,
				C758DE892AFB4DF900467F83 /* IFonts */,
				C7E3A7142AFA3B3400F0C35A /* IColors */,
			);
			path = Assets;
			sourceTree = "<group>";
		};
		C76E7B5E2951BC29004F009B /* Extensions */ = {
			isa = PBXGroup;
			children = (
				C7F2AB752A64EEA00031E97A /* Array+Extensions.swift */,
				C7E3A7022AFA128400F0C35A /* Bool+Extensions.swift */,
				C76ACF3E2996166C005CF720 /* CGFloat+Extensions.swift */,
				C76E7B602951BC70004F009B /* Color+Extensions.swift */,
				C7C15F882A0B99E80066FA85 /* Data+Extension.swift */,
				C7842C2F2AEB842500658692 /* DispatchQueue+Extensions.swift */,
				C74C3E182AD5381300F70A36 /* Font+Extensions.swift */,
				C7D70FA62A13342A0015ABAE /* InputStream+Extensions.swift */,
				C7651EFE298B5FC3006F3310 /* Int64+Extensions.swift */,
				C77B36842A6137800054DE7F /* NSEdgeInset+Extensions.swift */,
				C73B7E3C2AF8C79500C3A219 /* NSSCreen+Extensions.swift */,
				C7E3A7042AFA13D400F0C35A /* CALayer+Extensions.swift */,
				C758DE8C2AFB568B00467F83 /* CATextLayer+Extensions.swift */,
				C7E8C3672AF49A390001FC4B /* NSView+Extensions.swift */,
				C7E3A7122AFA3AF700F0C35A /* NSImageView+Extensions.swift */,
				C7E3A7182AFA422000F0C35A /* NSImage+Extensions.swift */,
			);
			path = Extensions;
			sourceTree = "<group>";
		};
		C771EF6B2A4A886400EC305E /* Interface */ = {
			isa = PBXGroup;
			children = (
				C7B8B3552A540A09008E9D53 /* Shared */,
				C7B8B3542A5407EA008E9D53 /* Adpater */,
				C7B8B3532A5407D7008E9D53 /* DataSource */,
			);
			path = Interface;
			sourceTree = "<group>";
		};
		C771EF6C2A4A8AB100EC305E /* Navigation */ = {
			isa = PBXGroup;
			children = (
				C771EF6D2A4A8AC800EC305E /* NavigationView.swift */,
			);
			path = Navigation;
			sourceTree = "<group>";
		};
		C779C6B2296BDE9A00F710D4 /* Application */ = {
			isa = PBXGroup;
			children = (
				C7483B9329373A0400F32BE0 /* Application.swift */,
			);
			path = Application;
			sourceTree = "<group>";
		};
		C780D11129418C2E00EF5633 /* Global */ = {
			isa = PBXGroup;
			children = (
				C7A487D92A24AC4200A033B9 /* Constant */,
				C73BBB0C2942E25700472A75 /* IServices */,
				C7483BA629373ADC00F32BE0 /* Instruments */,
				C76E7B5E2951BC29004F009B /* Extensions */,
				C7842C312AEB851500658692 /* Component */,
			);
			path = Global;
			sourceTree = "<group>";
		};
		C7842C312AEB851500658692 /* Component */ = {
			isa = PBXGroup;
			children = (
				C77952822AE8D59500DBF98E /* NSITable.swift */,
				C7842C2D2AEB694700658692 /* NSICollection.swift */,
				C73B7E352AF88F0300C3A219 /* NSIText */,
				C7429B962AF4F0440048574D /* NSILabel */,
			);
			path = Component;
			sourceTree = "<group>";
		};
		C7A487D92A24AC4200A033B9 /* Constant */ = {
			isa = PBXGroup;
			children = (
				C7A487DA2A24AC5700A033B9 /* Typealias.swift */,
			);
			path = Constant;
			sourceTree = "<group>";
		};
		C7B8B34B2A53F996008E9D53 /* Activities */ = {
			isa = PBXGroup;
			children = (
				C771EF6C2A4A8AB100EC305E /* Navigation */,
				C76A6EF32A614E1900836807 /* Performance */,
				C7E3A70E2AFA366500F0C35A /* LaunchMonitor */,
			);
			path = Activities;
			sourceTree = "<group>";
		};
		C7B8B3532A5407D7008E9D53 /* DataSource */ = {
			isa = PBXGroup;
			children = (
				C7E40A472A5E5C7E001629E3 /* Metrics */,
			);
			path = DataSource;
			sourceTree = "<group>";
		};
		C7B8B3542A5407EA008E9D53 /* Adpater */ = {
			isa = PBXGroup;
			children = (
				C771EF6F2A4A8AE800EC305E /* ANavigation.swift */,
				C73BBB17294315A600472A75 /* ADevice.swift */,
				C7D0D1B32A5E742600F610F6 /* ALockAction.swift */,
			);
			path = Adpater;
			sourceTree = "<group>";
		};
		C7B8B3552A540A09008E9D53 /* Shared */ = {
			isa = PBXGroup;
			children = (
				C7483BA429373ADC00F32BE0 /* MobileManager.swift */,
			);
			path = Shared;
			sourceTree = "<group>";
		};
		C7B8B3582A54118E008E9D53 /* Commercial */ = {
			isa = PBXGroup;
			children = (
				C7B8B3592A541197008E9D53 /* Performance */,
			);
			path = Commercial;
			sourceTree = "<group>";
		};
		C7B8B3592A541197008E9D53 /* Performance */ = {
			isa = PBXGroup;
			children = (
				C7B8B35A2A5411B5008E9D53 /* CPerformance.swift */,
				C737D6972AF09F2000F901A8 /* CPerformance+Chart */,
			);
			path = Performance;
			sourceTree = "<group>";
		};
		C7CB10492A0A071600828F3D /* Parsers */ = {
			isa = PBXGroup;
			children = (
				C7FBB47A2A1C969C00A6A8DF /* CoreProfileSessionTap */,
			);
			path = Parsers;
			sourceTree = "<group>";
		};
		C7D0D1B52A5E77E800F610F6 /* IInstance */ = {
			isa = PBXGroup;
			children = (
				C73BBB0D2942E84D00472A75 /* IInstproxy.swift */,
				C7719B432987B5D700DC6044 /* IDiagnosticsRelay.swift */,
			);
			path = IInstance;
			sourceTree = "<group>";
		};
		C7E3A70E2AFA366500F0C35A /* LaunchMonitor */ = {
			isa = PBXGroup;
			children = (
				C7E3A70F2AFA36F500F0C35A /* ILaunchMonitorView.swift */,
			);
			path = LaunchMonitor;
			sourceTree = "<group>";
		};
		C7E3A7142AFA3B3400F0C35A /* IColors */ = {
			isa = PBXGroup;
			children = (
				C7AB90622AF388E700DDE900 /* IColors.swift */,
				C7AB90662AF38C8300DDE900 /* IColors+Color.swift */,
				C7AB90642AF38BED00DDE900 /* IColors+NSColor.swift */,
			);
			path = IColors;
			sourceTree = "<group>";
		};
		C7E40A472A5E5C7E001629E3 /* Metrics */ = {
			isa = PBXGroup;
			children = (
				C786B35F2A4ACF7800F3ABB8 /* DSPMetrics.swift */,
				C7E40A482A5E5CA5001629E3 /* DSPMetrics+Entity.swift */,
			);
			path = Metrics;
			sourceTree = "<group>";
		};
		C7E8C3622AF497D80001FC4B /* NSSIdes+Cell */ = {
			isa = PBXGroup;
			children = (
				C72271752AFCEDA800811E55 /* HeadlineCell */,
				C72271742AFCED9800811E55 /* PanelSetCell */,
			);
			path = "NSSIdes+Cell";
			sourceTree = "<group>";
		};
		C7FBB47A2A1C969C00A6A8DF /* CoreProfileSessionTap */ = {
			isa = PBXGroup;
			children = (
				C7CB104E2A0A0B1B00828F3D /* ModelParser.swift */,
				C7FBB4782A1C965F00A6A8DF /* CoreParser.swift */,
				C70BFCB92A29D97800CBD6B3 /* CoreParser+Handles.swift */,
			);
			path = CoreProfileSessionTap;
			sourceTree = "<group>";
		};
		CE95B25BB2AD54E6AE8BD8A2 /* Frameworks */ = {
			isa = PBXGroup;
			children = (
				DADA9EDEA0F1466ED00BCE2D /* Pods_APMr.framework */,
			);
			name = Frameworks;
			sourceTree = "<group>";
		};
/* End PBXGroup section */

/* Begin PBXNativeTarget section */
		C7483B8F29373A0400F32BE0 /* APMr */ = {
			isa = PBXNativeTarget;
			buildConfigurationList = C7483B9F29373A0600F32BE0 /* Build configuration list for PBXNativeTarget "APMr" */;
			buildPhases = (
				CFE13271B2197FE879D05317 /* [CP] Check Pods Manifest.lock */,
				C7483B8C29373A0400F32BE0 /* Sources */,
				C7483B8D29373A0400F32BE0 /* Frameworks */,
				C7483B8E29373A0400F32BE0 /* Resources */,
			);
			buildRules = (
			);
			dependencies = (
			);
			name = APMr;
			productName = APMr;
			productReference = C7483B9029373A0400F32BE0 /* APMr.app */;
			productType = "com.apple.product-type.application";
		};
/* End PBXNativeTarget section */

/* Begin PBXProject section */
		C7483B8829373A0400F32BE0 /* Project object */ = {
			isa = PBXProject;
			attributes = {
				BuildIndependentTargetsInParallel = 1;
				LastSwiftUpdateCheck = 1410;
				LastUpgradeCheck = 1420;
				TargetAttributes = {
					C7483B8F29373A0400F32BE0 = {
						CreatedOnToolsVersion = 14.1;
					};
				};
			};
			buildConfigurationList = C7483B8B29373A0400F32BE0 /* Build configuration list for PBXProject "APMr" */;
			compatibilityVersion = "Xcode 13.0";
			developmentRegion = en;
			hasScannedForEncodings = 0;
			knownRegions = (
				en,
				Base,
			);
			mainGroup = C7483B8729373A0400F32BE0;
			productRefGroup = C7483B9129373A0400F32BE0 /* Products */;
			projectDirPath = "";
			projectRoot = "";
			targets = (
				C7483B8F29373A0400F32BE0 /* APMr */,
			);
		};
/* End PBXProject section */

/* Begin PBXResourcesBuildPhase section */
		C7483B8E29373A0400F32BE0 /* Resources */ = {
			isa = PBXResourcesBuildPhase;
			buildActionMask = 2147483647;
			files = (
				C76E7B5D2951BBB3004F009B /* Colors.xcassets in Resources */,
				C7483B9B29373A0600F32BE0 /* Preview Assets.xcassets in Resources */,
				C7483B9829373A0600F32BE0 /* Assets.xcassets in Resources */,
			);
			runOnlyForDeploymentPostprocessing = 0;
		};
/* End PBXResourcesBuildPhase section */

/* Begin PBXShellScriptBuildPhase section */
		CFE13271B2197FE879D05317 /* [CP] Check Pods Manifest.lock */ = {
			isa = PBXShellScriptBuildPhase;
			buildActionMask = 2147483647;
			files = (
			);
			inputFileListPaths = (
			);
			inputPaths = (
				"${PODS_PODFILE_DIR_PATH}/Podfile.lock",
				"${PODS_ROOT}/Manifest.lock",
			);
			name = "[CP] Check Pods Manifest.lock";
			outputFileListPaths = (
			);
			outputPaths = (
				"$(DERIVED_FILE_DIR)/Pods-APMr-checkManifestLockResult.txt",
			);
			runOnlyForDeploymentPostprocessing = 0;
			shellPath = /bin/sh;
			shellScript = "diff \"${PODS_PODFILE_DIR_PATH}/Podfile.lock\" \"${PODS_ROOT}/Manifest.lock\" > /dev/null\nif [ $? != 0 ] ; then\n    # print error to STDERR\n    echo \"error: The sandbox is not in sync with the Podfile.lock. Run 'pod install' or update your CocoaPods installation.\" >&2\n    exit 1\nfi\n# This output is used by Xcode 'outputs' to avoid re-running this script phase.\necho \"SUCCESS\" > \"${SCRIPT_OUTPUT_FILE_0}\"\n";
			showEnvVarsInLog = 0;
		};
/* End PBXShellScriptBuildPhase section */

/* Begin PBXSourcesBuildPhase section */
		C7483B8C29373A0400F32BE0 /* Sources */ = {
			isa = PBXSourcesBuildPhase;
			buildActionMask = 2147483647;
			files = (
				C7E3A7052AFA13D400F0C35A /* CALayer+Extensions.swift in Sources */,
				C7A487DB2A24AC5700A033B9 /* Typealias.swift in Sources */,
				C7AB90672AF38C8300DDE900 /* IColors+Color.swift in Sources */,
				C7790F2729A5EEAF00948934 /* CoreProfileSessionTap.swift in Sources */,
				C7E8C36C2AF4A13F0001FC4B /* NSILabel.swift in Sources */,
				C737D6A92AF0A97200F901A8 /* Chart+Actor.swift in Sources */,
				C74C3E152AD52C4300F70A36 /* Cell+Layer.swift in Sources */,
				C737D69F2AF0A3EC00F901A8 /* Drawer+Graph.swift in Sources */,
				C7F2AB762A64EEA00031E97A /* Array+Extensions.swift in Sources */,
				C7483BEE29373ADC00F32BE0 /* Sysmontap.swift in Sources */,
				C7E8C3662AF4995C0001FC4B /* PanelSetCell+Panel.swift in Sources */,
				C7E3A7192AFA422000F0C35A /* NSImage+Extensions.swift in Sources */,
				C7C15F892A0B99E80066FA85 /* Data+Extension.swift in Sources */,
				C704D0102963EC600065004D /* NetworkingModels.swift in Sources */,
				C73BBB1A29431AD200472A75 /* Processcontrol.swift in Sources */,
				C73B7E3D2AF8C79500C3A219 /* NSSCreen+Extensions.swift in Sources */,
				C7F5DA892946EF94005C6F7D /* GPU.swift in Sources */,
				C7483BED29373ADC00F32BE0 /* IInstrumentsServiceProtocols.swift in Sources */,
				C7483BF129373ADC00F32BE0 /* DTXReceiveObject.m in Sources */,
				C7483BF329373ADC00F32BE0 /* DTXArguments.m in Sources */,
				C76BE18A2AD7BCB8004E6DDF /* Chart+Model.swift in Sources */,
				C74C3E112AD52B5600F70A36 /* Cell+Axis.swift in Sources */,
				C7EA8E062AFE18B900D412AC /* Panel+NoteRow.swift in Sources */,
				C7483C0029373ADC00F32BE0 /* MDUtil.m in Sources */,
				C74C3E192AD5381300F70A36 /* Font+Extensions.swift in Sources */,
				C73BBB132943094B00472A75 /* ILockdownModels.swift in Sources */,
				C737D6A32AF0A45F00F901A8 /* Drawer+Axis.swift in Sources */,
				C7E137CB299C9C92000CD484 /* ObjectAlloc.swift in Sources */,
				C73B7E372AF8906300C3A219 /* NSIText.swift in Sources */,
				C737D6B32AF0D48200F901A8 /* Actor+Snap.swift in Sources */,
				C737D6AE2AF0AD6B00F901A8 /* Actor+Highlighter.swift in Sources */,
				C70BFCBA2A29D97800CBD6B3 /* CoreParser+Handles.swift in Sources */,
				C7AB90652AF38BED00DDE900 /* IColors+NSColor.swift in Sources */,
				C7D70FA72A13342A0015ABAE /* InputStream+Extensions.swift in Sources */,
				C72271712AFCE56C00811E55 /* NSISides+HeadlineCell.swift in Sources */,
				C737D69D2AF0A3BD00F901A8 /* Drawer+Notifier.swift in Sources */,
				C74C3E0D2AD52B3E00F70A36 /* Cell+Checker.swift in Sources */,
				C780D1162941911B00EF5633 /* IInstrumentsServiceGroup.swift in Sources */,
				C76E7B612951BC70004F009B /* Color+Extensions.swift in Sources */,
				C7FBB4792A1C965F00A6A8DF /* CoreParser.swift in Sources */,
				C737D69B2AF0A38C00F901A8 /* Drawer+Group.swift in Sources */,
				C7515C522A28851800CFA925 /* CoreParserModels.swift in Sources */,
				C737D6A62AF0A7BD00F901A8 /* Chart+Drawer.swift in Sources */,
				C74B14A52AE7684200A06D05 /* NSISides.swift in Sources */,
				C7AC987F2956E0C200A6580B /* NetworkStatistics.swift in Sources */,
				C7B8B35D2A541872008E9D53 /* Chart.swift in Sources */,
				C7483BF029373ADC00F32BE0 /* IInstruments.swift in Sources */,
				C7E3A7032AFA128400F0C35A /* Bool+Extensions.swift in Sources */,
				C758DE8D2AFB568B00467F83 /* CATextLayer+Extensions.swift in Sources */,
				C7E8C3682AF49A390001FC4B /* NSView+Extensions.swift in Sources */,
				C73B7E3B2AF8A56A00C3A219 /* NSIText+Layer.swift in Sources */,
				C7651EFF298B5FC3006F3310 /* Int64+Extensions.swift in Sources */,
				C73BBB0E2942E84D00472A75 /* IInstproxy.swift in Sources */,
				C7FA2E52299E28F900FE78F2 /* Sampling.swift in Sources */,
				C70BFCBC2A29DFA900CBD6B3 /* CoreParserHandleModels.swift in Sources */,
				C7AB90632AF388E700DDE900 /* IColors.swift in Sources */,
				C76ACF3F2996166C005CF720 /* CGFloat+Extensions.swift in Sources */,
				C75750F7293DA1980074E707 /* SysmotapModels.swift in Sources */,
				C7FA2E50299E036A00FE78F2 /* ProcessControlByDictionary.swift in Sources */,
				C7E40A492A5E5CA5001629E3 /* DSPMetrics+Entity.swift in Sources */,
				C7B8B35B2A5411B5008E9D53 /* CPerformance.swift in Sources */,
				C758DE8B2AFB4E0500467F83 /* IFonts.swift in Sources */,
				C7AC9895295C816500A6580B /* NetworkStatisticsModels.swift in Sources */,
				C7483BEA29373ADC00F32BE0 /* IDevice.swift in Sources */,
				C7AC98812956EB1D00A6580B /* Networking.swift in Sources */,
				C7483BEF29373ADC00F32BE0 /* DeviceInfo.swift in Sources */,
				C7483BE929373ADC00F32BE0 /* MobileManager.swift in Sources */,
				C70F8FA8293850F400E8DCE1 /* Opengl.swift in Sources */,
				C737D6A12AF0A42600F901A8 /* Drawer+Series.swift in Sources */,
				C74C3E0F2AD52B4A00F70A36 /* Cell+Chart.swift in Sources */,
				C7483BF229373ADC00F32BE0 /* DTXMessageHandle.m in Sources */,
				C7A1C4532A0384C5009BA0D5 /* Engery.swift in Sources */,
				C73BBB0B2942E25100472A75 /* ILockdown.swift in Sources */,
				C786B3602A4ACF7800F3ABB8 /* DSPMetrics.swift in Sources */,
				C73BBB112942FBE700472A75 /* IInstproxyModels.swift in Sources */,
				C7D0D1B42A5E742600F610F6 /* ALockAction.swift in Sources */,
				C7D0A1A62A08EF0200E8769C /* DeviceInfoModels.swift in Sources */,
				C737D6AC2AF0ABC900F901A8 /* Actor+Displayer.swift in Sources */,
				C74C3E172AD52C9900F70A36 /* Cell+Content.swift in Sources */,
				C771EF6E2A4A8AC800EC305E /* NavigationView.swift in Sources */,
				C7842C302AEB842500658692 /* DispatchQueue+Extensions.swift in Sources */,
				C76A6EF92A614E1900836807 /* IPerformanceView.swift in Sources */,
				C7CB10512A0A102500828F3D /* CoreProfileSessionTapModels.swift in Sources */,
				C7CB104F2A0A0B1B00828F3D /* ModelParser.swift in Sources */,
				C77B36852A6137800054DE7F /* NSEdgeInset+Extensions.swift in Sources */,
				C7719B442987B5D700DC6044 /* IDiagnosticsRelay.swift in Sources */,
				C71A9EBB2AD66D30001626A5 /* ISides.swift in Sources */,
				C77952832AE8D59500DBF98E /* NSITable.swift in Sources */,
				C7483B9429373A0400F32BE0 /* Application.swift in Sources */,
				C780D11829419E6100EF5633 /* OpenglModels.swift in Sources */,
				C771EF702A4A8AE800EC305E /* ANavigation.swift in Sources */,
				C7640A632A84DBAD00C1F267 /* ICharts+Cell.swift in Sources */,
				C74C3E132AD52B5E00F70A36 /* Cell+Hint.swift in Sources */,
				C7640A612A84C41100C1F267 /* ICharts.swift in Sources */,
				C7E3A7102AFA36F500F0C35A /* ILaunchMonitorView.swift in Sources */,
				C72271732AFCE58000811E55 /* NSISides+PanelSetCell.swift in Sources */,
				C7EA8E042AFDE31400D412AC /* Panel+Headline.swift in Sources */,
				C73BBB18294315A600472A75 /* ADevice.swift in Sources */,
				C7842C2E2AEB694700658692 /* NSICollection.swift in Sources */,
				C7764FDE29652D3000D4A6C6 /* EnergyModels.swift in Sources */,
				C7E3A7132AFA3AF700F0C35A /* NSImageView+Extensions.swift in Sources */,
				C7E137CD299CB52A000CD484 /* Base.swift in Sources */,
			);
			runOnlyForDeploymentPostprocessing = 0;
		};
/* End PBXSourcesBuildPhase section */

/* Begin XCBuildConfiguration section */
		C7483B9D29373A0600F32BE0 /* Debug */ = {
			isa = XCBuildConfiguration;
			buildSettings = {
				ALWAYS_SEARCH_USER_PATHS = NO;
				CLANG_ANALYZER_NONNULL = YES;
				CLANG_ANALYZER_NUMBER_OBJECT_CONVERSION = YES_AGGRESSIVE;
				CLANG_CXX_LANGUAGE_STANDARD = "gnu++20";
				CLANG_ENABLE_MODULES = YES;
				CLANG_ENABLE_OBJC_ARC = YES;
				CLANG_ENABLE_OBJC_WEAK = YES;
				CLANG_WARN_BLOCK_CAPTURE_AUTORELEASING = YES;
				CLANG_WARN_BOOL_CONVERSION = YES;
				CLANG_WARN_COMMA = YES;
				CLANG_WARN_CONSTANT_CONVERSION = YES;
				CLANG_WARN_DEPRECATED_OBJC_IMPLEMENTATIONS = YES;
				CLANG_WARN_DIRECT_OBJC_ISA_USAGE = YES_ERROR;
				CLANG_WARN_DOCUMENTATION_COMMENTS = YES;
				CLANG_WARN_EMPTY_BODY = YES;
				CLANG_WARN_ENUM_CONVERSION = YES;
				CLANG_WARN_INFINITE_RECURSION = YES;
				CLANG_WARN_INT_CONVERSION = YES;
				CLANG_WARN_NON_LITERAL_NULL_CONVERSION = YES;
				CLANG_WARN_OBJC_IMPLICIT_RETAIN_SELF = YES;
				CLANG_WARN_OBJC_LITERAL_CONVERSION = YES;
				CLANG_WARN_OBJC_ROOT_CLASS = YES_ERROR;
				CLANG_WARN_QUOTED_INCLUDE_IN_FRAMEWORK_HEADER = YES;
				CLANG_WARN_RANGE_LOOP_ANALYSIS = YES;
				CLANG_WARN_STRICT_PROTOTYPES = YES;
				CLANG_WARN_SUSPICIOUS_MOVE = YES;
				CLANG_WARN_UNGUARDED_AVAILABILITY = YES_AGGRESSIVE;
				CLANG_WARN_UNREACHABLE_CODE = YES;
				CLANG_WARN__DUPLICATE_METHOD_MATCH = YES;
				COPY_PHASE_STRIP = NO;
				DEAD_CODE_STRIPPING = YES;
				DEBUG_INFORMATION_FORMAT = dwarf;
				ENABLE_STRICT_OBJC_MSGSEND = YES;
				ENABLE_TESTABILITY = YES;
				GCC_C_LANGUAGE_STANDARD = gnu11;
				GCC_DYNAMIC_NO_PIC = NO;
				GCC_NO_COMMON_BLOCKS = YES;
				GCC_OPTIMIZATION_LEVEL = 0;
				GCC_PREPROCESSOR_DEFINITIONS = (
					"DEBUG=1",
					"$(inherited)",
				);
				GCC_WARN_64_TO_32_BIT_CONVERSION = YES;
				GCC_WARN_ABOUT_RETURN_TYPE = YES_ERROR;
				GCC_WARN_UNDECLARED_SELECTOR = YES;
				GCC_WARN_UNINITIALIZED_AUTOS = YES_AGGRESSIVE;
				GCC_WARN_UNUSED_FUNCTION = YES;
				GCC_WARN_UNUSED_VARIABLE = YES;
				MACOSX_DEPLOYMENT_TARGET = 13.0;
				MTL_ENABLE_DEBUG_INFO = INCLUDE_SOURCE;
				MTL_FAST_MATH = YES;
				ONLY_ACTIVE_ARCH = YES;
				SDKROOT = macosx;
				SWIFT_ACTIVE_COMPILATION_CONDITIONS = DEBUG;
				SWIFT_OPTIMIZATION_LEVEL = "-Onone";
			};
			name = Debug;
		};
		C7483B9E29373A0600F32BE0 /* Release */ = {
			isa = XCBuildConfiguration;
			buildSettings = {
				ALWAYS_SEARCH_USER_PATHS = NO;
				CLANG_ANALYZER_NONNULL = YES;
				CLANG_ANALYZER_NUMBER_OBJECT_CONVERSION = YES_AGGRESSIVE;
				CLANG_CXX_LANGUAGE_STANDARD = "gnu++20";
				CLANG_ENABLE_MODULES = YES;
				CLANG_ENABLE_OBJC_ARC = YES;
				CLANG_ENABLE_OBJC_WEAK = YES;
				CLANG_WARN_BLOCK_CAPTURE_AUTORELEASING = YES;
				CLANG_WARN_BOOL_CONVERSION = YES;
				CLANG_WARN_COMMA = YES;
				CLANG_WARN_CONSTANT_CONVERSION = YES;
				CLANG_WARN_DEPRECATED_OBJC_IMPLEMENTATIONS = YES;
				CLANG_WARN_DIRECT_OBJC_ISA_USAGE = YES_ERROR;
				CLANG_WARN_DOCUMENTATION_COMMENTS = YES;
				CLANG_WARN_EMPTY_BODY = YES;
				CLANG_WARN_ENUM_CONVERSION = YES;
				CLANG_WARN_INFINITE_RECURSION = YES;
				CLANG_WARN_INT_CONVERSION = YES;
				CLANG_WARN_NON_LITERAL_NULL_CONVERSION = YES;
				CLANG_WARN_OBJC_IMPLICIT_RETAIN_SELF = YES;
				CLANG_WARN_OBJC_LITERAL_CONVERSION = YES;
				CLANG_WARN_OBJC_ROOT_CLASS = YES_ERROR;
				CLANG_WARN_QUOTED_INCLUDE_IN_FRAMEWORK_HEADER = YES;
				CLANG_WARN_RANGE_LOOP_ANALYSIS = YES;
				CLANG_WARN_STRICT_PROTOTYPES = YES;
				CLANG_WARN_SUSPICIOUS_MOVE = YES;
				CLANG_WARN_UNGUARDED_AVAILABILITY = YES_AGGRESSIVE;
				CLANG_WARN_UNREACHABLE_CODE = YES;
				CLANG_WARN__DUPLICATE_METHOD_MATCH = YES;
				COPY_PHASE_STRIP = NO;
				DEAD_CODE_STRIPPING = YES;
				DEBUG_INFORMATION_FORMAT = "dwarf-with-dsym";
				ENABLE_NS_ASSERTIONS = NO;
				ENABLE_STRICT_OBJC_MSGSEND = YES;
				GCC_C_LANGUAGE_STANDARD = gnu11;
				GCC_NO_COMMON_BLOCKS = YES;
				GCC_WARN_64_TO_32_BIT_CONVERSION = YES;
				GCC_WARN_ABOUT_RETURN_TYPE = YES_ERROR;
				GCC_WARN_UNDECLARED_SELECTOR = YES;
				GCC_WARN_UNINITIALIZED_AUTOS = YES_AGGRESSIVE;
				GCC_WARN_UNUSED_FUNCTION = YES;
				GCC_WARN_UNUSED_VARIABLE = YES;
				MACOSX_DEPLOYMENT_TARGET = 13.0;
				MTL_ENABLE_DEBUG_INFO = NO;
				MTL_FAST_MATH = YES;
				SDKROOT = macosx;
				SWIFT_COMPILATION_MODE = wholemodule;
				SWIFT_OPTIMIZATION_LEVEL = "-O";
			};
			name = Release;
		};
		C7483BA029373A0600F32BE0 /* Debug */ = {
			isa = XCBuildConfiguration;
			baseConfigurationReference = CF29673E9DD30442430F30F3 /* Pods-APMr.debug.xcconfig */;
			buildSettings = {
				ASSETCATALOG_COMPILER_APPICON_NAME = AppIcon_B;
				ASSETCATALOG_COMPILER_GLOBAL_ACCENT_COLOR_NAME = AccentColor;
				CODE_SIGN_ENTITLEMENTS = APMr/Environment/CodeSignEntilements/APMr.entitlements;
				CODE_SIGN_IDENTITY = "-";
				"CODE_SIGN_IDENTITY[sdk=macosx*]" = "-";
				CODE_SIGN_STYLE = Automatic;
				COMBINE_HIDPI_IMAGES = YES;
				CURRENT_PROJECT_VERSION = 1;
				DEAD_CODE_STRIPPING = YES;
				DEVELOPMENT_ASSET_PATHS = "\"APMr/Environment/Preview Content\"";
				DEVELOPMENT_TEAM = 88JVP7LE4V;
				ENABLE_HARDENED_RUNTIME = NO;
				ENABLE_PREVIEWS = YES;
				GENERATE_INFOPLIST_FILE = YES;
				HEADER_SEARCH_PATHS = "$(PROJECT_DIR)/APMr/Foundation/LibIMobileDevice/Src";
				INFOPLIST_KEY_CFBundleDisplayName = APM;
				INFOPLIST_KEY_LSApplicationCategoryType = "public.app-category.developer-tools";
				INFOPLIST_KEY_NSHumanReadableCopyright = "";
				LD_RUNPATH_SEARCH_PATHS = (
					"$(inherited)",
					"@executable_path/../Frameworks",
				);
				LIBRARY_SEARCH_PATHS = (
					"$(inherited)",
					"$(PROJECT_DIR)/APMr/Foundation/LibIMobileDevice/Libraries/x86",
					"$(PROJECT_DIR)/APMr/Foundation/LibIMobileDevice/Libraries/arm64",
				);
				MACOSX_DEPLOYMENT_TARGET = 13.0;
				MARKETING_VERSION = 1.0.0;
				PRODUCT_BUNDLE_IDENTIFIER = RYQ.LibIMobileDevice.APMr;
				PRODUCT_NAME = "$(TARGET_NAME)";
				SWIFT_EMIT_LOC_STRINGS = YES;
				SWIFT_VERSION = 5.0;
			};
			name = Debug;
		};
		C7483BA129373A0600F32BE0 /* Release */ = {
			isa = XCBuildConfiguration;
			baseConfigurationReference = ACD59CADAF1357C5444C9979 /* Pods-APMr.release.xcconfig */;
			buildSettings = {
				ASSETCATALOG_COMPILER_APPICON_NAME = AppIcon_B;
				ASSETCATALOG_COMPILER_GLOBAL_ACCENT_COLOR_NAME = AccentColor;
				CODE_SIGN_ENTITLEMENTS = APMr/Environment/CodeSignEntilements/APMr.entitlements;
				CODE_SIGN_IDENTITY = "-";
				"CODE_SIGN_IDENTITY[sdk=macosx*]" = "-";
				CODE_SIGN_STYLE = Automatic;
				COMBINE_HIDPI_IMAGES = YES;
				CURRENT_PROJECT_VERSION = 1;
				DEAD_CODE_STRIPPING = YES;
				DEVELOPMENT_ASSET_PATHS = "\"APMr/Environment/Preview Content\"";
				DEVELOPMENT_TEAM = 88JVP7LE4V;
				ENABLE_HARDENED_RUNTIME = NO;
				ENABLE_PREVIEWS = YES;
				GENERATE_INFOPLIST_FILE = YES;
				HEADER_SEARCH_PATHS = "$(PROJECT_DIR)/APMr/Foundation/LibIMobileDevice/Src";
				INFOPLIST_KEY_CFBundleDisplayName = APM;
				INFOPLIST_KEY_LSApplicationCategoryType = "public.app-category.developer-tools";
				INFOPLIST_KEY_NSHumanReadableCopyright = "";
				LD_RUNPATH_SEARCH_PATHS = (
					"$(inherited)",
					"@executable_path/../Frameworks",
				);
				LIBRARY_SEARCH_PATHS = (
					"$(inherited)",
					"$(PROJECT_DIR)/APMr/Foundation/LibIMobileDevice/Libraries/x86",
					"$(PROJECT_DIR)/APMr/Foundation/LibIMobileDevice/Libraries/arm64",
				);
				MACOSX_DEPLOYMENT_TARGET = 13.0;
				MARKETING_VERSION = 1.0.0;
				ONLY_ACTIVE_ARCH = YES;
				PRODUCT_BUNDLE_IDENTIFIER = RYQ.LibIMobileDevice.APMr;
				PRODUCT_NAME = "$(TARGET_NAME)";
				SWIFT_ACTIVE_COMPILATION_CONDITIONS = RELEASE;
				SWIFT_EMIT_LOC_STRINGS = YES;
				SWIFT_VERSION = 5.0;
			};
			name = Release;
		};
/* End XCBuildConfiguration section */

/* Begin XCConfigurationList section */
		C7483B8B29373A0400F32BE0 /* Build configuration list for PBXProject "APMr" */ = {
			isa = XCConfigurationList;
			buildConfigurations = (
				C7483B9D29373A0600F32BE0 /* Debug */,
				C7483B9E29373A0600F32BE0 /* Release */,
			);
			defaultConfigurationIsVisible = 0;
			defaultConfigurationName = Release;
		};
		C7483B9F29373A0600F32BE0 /* Build configuration list for PBXNativeTarget "APMr" */ = {
			isa = XCConfigurationList;
			buildConfigurations = (
				C7483BA029373A0600F32BE0 /* Debug */,
				C7483BA129373A0600F32BE0 /* Release */,
			);
			defaultConfigurationIsVisible = 0;
			defaultConfigurationName = Release;
		};
/* End XCConfigurationList section */
	};
	rootObject = C7483B8829373A0400F32BE0 /* Project object */;
}
