// !$*UTF8*$!
{
	archiveVersion = 1;
	classes = {
	};
	objectVersion = 55;
	objects = {

/* Begin PBXBuildFile section */
		C704D0102963EC600065004D /* IInstrumentsNetworkingModels.swift in Sources */ = {isa = PBXBuildFile; fileRef = C704D00F2963EC600065004D /* IInstrumentsNetworkingModels.swift */; };
		C70F8FA8293850F400E8DCE1 /* IInstrumentsOpengl.swift in Sources */ = {isa = PBXBuildFile; fileRef = C70F8FA7293850F400E8DCE1 /* IInstrumentsOpengl.swift */; };
		C73BBB0B2942E25100472A75 /* ILockdown.swift in Sources */ = {isa = PBXBuildFile; fileRef = C73BBB0A2942E25100472A75 /* ILockdown.swift */; };
		C73BBB0E2942E84D00472A75 /* IInstproxy.swift in Sources */ = {isa = PBXBuildFile; fileRef = C73BBB0D2942E84D00472A75 /* IInstproxy.swift */; };
		C73BBB112942FBE700472A75 /* IInstproxyModels.swift in Sources */ = {isa = PBXBuildFile; fileRef = C73BBB102942FBE700472A75 /* IInstproxyModels.swift */; };
		C73BBB132943094B00472A75 /* ILockdownModels.swift in Sources */ = {isa = PBXBuildFile; fileRef = C73BBB122943094B00472A75 /* ILockdownModels.swift */; };
		C73BBB162943154300472A75 /* HomepageInstrumentsService.swift in Sources */ = {isa = PBXBuildFile; fileRef = C73BBB152943154300472A75 /* HomepageInstrumentsService.swift */; };
		C73BBB18294315A600472A75 /* HomepageDeviceService.swift in Sources */ = {isa = PBXBuildFile; fileRef = C73BBB17294315A600472A75 /* HomepageDeviceService.swift */; };
		C73BBB1A29431AD200472A75 /* IInstrumentsProcesscontrol.swift in Sources */ = {isa = PBXBuildFile; fileRef = C73BBB1929431AD200472A75 /* IInstrumentsProcesscontrol.swift */; };
		C7483B9429373A0400F32BE0 /* Application.swift in Sources */ = {isa = PBXBuildFile; fileRef = C7483B9329373A0400F32BE0 /* Application.swift */; };
		C7483B9829373A0600F32BE0 /* Assets.xcassets in Resources */ = {isa = PBXBuildFile; fileRef = C7483B9729373A0600F32BE0 /* Assets.xcassets */; };
		C7483B9B29373A0600F32BE0 /* Preview Assets.xcassets in Resources */ = {isa = PBXBuildFile; fileRef = C7483B9A29373A0600F32BE0 /* Preview Assets.xcassets */; };
		C7483BE929373ADC00F32BE0 /* MobileManager.swift in Sources */ = {isa = PBXBuildFile; fileRef = C7483BA429373ADC00F32BE0 /* MobileManager.swift */; };
		C7483BEA29373ADC00F32BE0 /* IDevice.swift in Sources */ = {isa = PBXBuildFile; fileRef = C7483BA529373ADC00F32BE0 /* IDevice.swift */; };
		C7483BEB29373ADC00F32BE0 /* IInstrumentsBaseService.swift in Sources */ = {isa = PBXBuildFile; fileRef = C7483BA729373ADC00F32BE0 /* IInstrumentsBaseService.swift */; };
		C7483BED29373ADC00F32BE0 /* IInstrumentsServiceProtocols.swift in Sources */ = {isa = PBXBuildFile; fileRef = C7483BAA29373ADC00F32BE0 /* IInstrumentsServiceProtocols.swift */; };
		C7483BEE29373ADC00F32BE0 /* IInstrumentsSysmontap.swift in Sources */ = {isa = PBXBuildFile; fileRef = C7483BAC29373ADC00F32BE0 /* IInstrumentsSysmontap.swift */; };
		C7483BEF29373ADC00F32BE0 /* IInstrumentsDeviceInfo.swift in Sources */ = {isa = PBXBuildFile; fileRef = C7483BAD29373ADC00F32BE0 /* IInstrumentsDeviceInfo.swift */; };
		C7483BF029373ADC00F32BE0 /* IInstruments.swift in Sources */ = {isa = PBXBuildFile; fileRef = C7483BAE29373ADC00F32BE0 /* IInstruments.swift */; };
		C7483BF129373ADC00F32BE0 /* DTXReceiveObject.m in Sources */ = {isa = PBXBuildFile; fileRef = C7483BB329373ADC00F32BE0 /* DTXReceiveObject.m */; };
		C7483BF229373ADC00F32BE0 /* DTXMessageHandle.m in Sources */ = {isa = PBXBuildFile; fileRef = C7483BB429373ADC00F32BE0 /* DTXMessageHandle.m */; };
		C7483BF329373ADC00F32BE0 /* DTXArguments.m in Sources */ = {isa = PBXBuildFile; fileRef = C7483BB529373ADC00F32BE0 /* DTXArguments.m */; };
		C7483BF429373ADC00F32BE0 /* libcrypto.a in Frameworks */ = {isa = PBXBuildFile; fileRef = C7483BB929373ADC00F32BE0 /* libcrypto.a */; };
		C7483BF529373ADC00F32BE0 /* libplist-2.0.a in Frameworks */ = {isa = PBXBuildFile; fileRef = C7483BBA29373ADC00F32BE0 /* libplist-2.0.a */; };
		C7483BF629373ADC00F32BE0 /* libimobiledevice-1.0.a in Frameworks */ = {isa = PBXBuildFile; fileRef = C7483BBB29373ADC00F32BE0 /* libimobiledevice-1.0.a */; };
		C7483BF729373ADC00F32BE0 /* libimobiledevice-glue-1.0.a in Frameworks */ = {isa = PBXBuildFile; fileRef = C7483BBC29373ADC00F32BE0 /* libimobiledevice-glue-1.0.a */; };
		C7483BF829373ADC00F32BE0 /* libusbmuxd-2.0.a in Frameworks */ = {isa = PBXBuildFile; fileRef = C7483BBD29373ADC00F32BE0 /* libusbmuxd-2.0.a */; };
		C7483BF929373ADC00F32BE0 /* libssl.a in Frameworks */ = {isa = PBXBuildFile; fileRef = C7483BBE29373ADC00F32BE0 /* libssl.a */; };
		C7483BFA29373ADC00F32BE0 /* libcrypto.a in Frameworks */ = {isa = PBXBuildFile; fileRef = C7483BC029373ADC00F32BE0 /* libcrypto.a */; };
		C7483BFB29373ADC00F32BE0 /* libplist-2.0.a in Frameworks */ = {isa = PBXBuildFile; fileRef = C7483BC129373ADC00F32BE0 /* libplist-2.0.a */; };
		C7483BFC29373ADC00F32BE0 /* libimobiledevice-1.0.a in Frameworks */ = {isa = PBXBuildFile; fileRef = C7483BC229373ADC00F32BE0 /* libimobiledevice-1.0.a */; };
		C7483BFD29373ADC00F32BE0 /* libimobiledevice-glue-1.0.a in Frameworks */ = {isa = PBXBuildFile; fileRef = C7483BC329373ADC00F32BE0 /* libimobiledevice-glue-1.0.a */; };
		C7483BFE29373ADC00F32BE0 /* libusbmuxd-2.0.a in Frameworks */ = {isa = PBXBuildFile; fileRef = C7483BC429373ADC00F32BE0 /* libusbmuxd-2.0.a */; };
		C7483BFF29373ADC00F32BE0 /* libssl.a in Frameworks */ = {isa = PBXBuildFile; fileRef = C7483BC529373ADC00F32BE0 /* libssl.a */; };
		C7483C0029373ADC00F32BE0 /* MDUtil.m in Sources */ = {isa = PBXBuildFile; fileRef = C7483BE529373ADC00F32BE0 /* MDUtil.m */; };
		C754F0DF296D29040053DBA3 /* HomepageView.swift in Sources */ = {isa = PBXBuildFile; fileRef = C754F0DE296D29040053DBA3 /* HomepageView.swift */; };
		C754F0E1296D2A350053DBA3 /* HomepageService.swift in Sources */ = {isa = PBXBuildFile; fileRef = C754F0E0296D2A350053DBA3 /* HomepageService.swift */; };
		C754F0E3296D33360053DBA3 /* PerformanceView.swift in Sources */ = {isa = PBXBuildFile; fileRef = C754F0E2296D33360053DBA3 /* PerformanceView.swift */; };
		C75750F7293DA1980074E707 /* IInstrumentsSysmotapModels.swift in Sources */ = {isa = PBXBuildFile; fileRef = C75750F6293DA1980074E707 /* IInstrumentsSysmotapModels.swift */; };
		C7651EFF298B5FC3006F3310 /* Int64+Extensions.swift in Sources */ = {isa = PBXBuildFile; fileRef = C7651EFE298B5FC3006F3310 /* Int64+Extensions.swift */; };
		C76ACF3B2996041B005CF720 /* HomepageInstrumentsService+Summary.swift in Sources */ = {isa = PBXBuildFile; fileRef = C76ACF3A2996041B005CF720 /* HomepageInstrumentsService+Summary.swift */; };
		C76ACF3D299604F3005CF720 /* HomepageInstrumentsModels+Summary.swift in Sources */ = {isa = PBXBuildFile; fileRef = C76ACF3C299604F3005CF720 /* HomepageInstrumentsModels+Summary.swift */; };
		C76ACF3F2996166C005CF720 /* CGFloat+Extensions.swift in Sources */ = {isa = PBXBuildFile; fileRef = C76ACF3E2996166C005CF720 /* CGFloat+Extensions.swift */; };
		C76E7B5829517CC3004F009B /* HomepageModels.swift in Sources */ = {isa = PBXBuildFile; fileRef = C76E7B5729517CC3004F009B /* HomepageModels.swift */; };
		C76E7B5D2951BBB3004F009B /* Colors.xcassets in Resources */ = {isa = PBXBuildFile; fileRef = C76E7B5C2951BBB3004F009B /* Colors.xcassets */; };
		C76E7B612951BC70004F009B /* Color+Extensions.swift in Sources */ = {isa = PBXBuildFile; fileRef = C76E7B602951BC70004F009B /* Color+Extensions.swift */; };
		C7719B402985312100DC6044 /* UserManager.swift in Sources */ = {isa = PBXBuildFile; fileRef = C7719B3F2985312100DC6044 /* UserManager.swift */; };
		C7719B42298664A100DC6044 /* HomepageInstrumentsModels.swift in Sources */ = {isa = PBXBuildFile; fileRef = C7719B41298664A100DC6044 /* HomepageInstrumentsModels.swift */; };
		C7719B442987B5D700DC6044 /* IDiagnosticsRelay.swift in Sources */ = {isa = PBXBuildFile; fileRef = C7719B432987B5D700DC6044 /* IDiagnosticsRelay.swift */; };
		C7764FDE29652D3000D4A6C6 /* IInstrumentsEnergyModels.swift in Sources */ = {isa = PBXBuildFile; fileRef = C7764FDD29652D3000D4A6C6 /* IInstrumentsEnergyModels.swift */; };
		C780D1162941911B00EF5633 /* IInstrumentsServiceGroup.swift in Sources */ = {isa = PBXBuildFile; fileRef = C780D1152941911B00EF5633 /* IInstrumentsServiceGroup.swift */; };
		C780D11829419E6100EF5633 /* IInstrumentsOpenglModels.swift in Sources */ = {isa = PBXBuildFile; fileRef = C780D11729419E6100EF5633 /* IInstrumentsOpenglModels.swift */; };
		C78CB9172973AD0300F86B33 /* ButtonCommonStyle.swift in Sources */ = {isa = PBXBuildFile; fileRef = C78CB9162973AD0300F86B33 /* ButtonCommonStyle.swift */; };
		C7AC987F2956E0C200A6580B /* IInstrumentsNetworkStatistics.swift in Sources */ = {isa = PBXBuildFile; fileRef = C7AC987E2956E0C200A6580B /* IInstrumentsNetworkStatistics.swift */; };
		C7AC98812956EB1D00A6580B /* IInstrumentsNetworking.swift in Sources */ = {isa = PBXBuildFile; fileRef = C7AC98802956EB1D00A6580B /* IInstrumentsNetworking.swift */; };
		C7AC988529599BA600A6580B /* IInstrumentsEngery.swift in Sources */ = {isa = PBXBuildFile; fileRef = C7AC988429599BA600A6580B /* IInstrumentsEngery.swift */; };
		C7AC9895295C816500A6580B /* IInstrumentsNetworkStatisticsModels.swift in Sources */ = {isa = PBXBuildFile; fileRef = C7AC9894295C816500A6580B /* IInstrumentsNetworkStatisticsModels.swift */; };
		C7B5B94429767921009A88D7 /* PerformaceChartView.swift in Sources */ = {isa = PBXBuildFile; fileRef = C7B5B94329767921009A88D7 /* PerformaceChartView.swift */; };
		C7C3255329751B9B006939B8 /* PerformanceSettingBarView.swift in Sources */ = {isa = PBXBuildFile; fileRef = C7C3255229751B9A006939B8 /* PerformanceSettingBarView.swift */; };
		C7C3255529751E0E006939B8 /* PerformanceSummaryView.swift in Sources */ = {isa = PBXBuildFile; fileRef = C7C3255429751E0E006939B8 /* PerformanceSummaryView.swift */; };
		C7CCDA95298A127100948BA3 /* ButtonCommonModifier.swift in Sources */ = {isa = PBXBuildFile; fileRef = C7CCDA94298A127100948BA3 /* ButtonCommonModifier.swift */; };
		C7CCDA97298A176900948BA3 /* HomepageChartModels.swift in Sources */ = {isa = PBXBuildFile; fileRef = C7CCDA96298A176900948BA3 /* HomepageChartModels.swift */; };
		C7F5DA892946EF94005C6F7D /* IInstrumentsGPU.swift in Sources */ = {isa = PBXBuildFile; fileRef = C7F5DA882946EF94005C6F7D /* IInstrumentsGPU.swift */; };
		E2EEEE13B7F1A6303EF4CE35 /* Pods_APMr.framework in Frameworks */ = {isa = PBXBuildFile; fileRef = DADA9EDEA0F1466ED00BCE2D /* Pods_APMr.framework */; };
/* End PBXBuildFile section */

/* Begin PBXFileReference section */
		ACD59CADAF1357C5444C9979 /* Pods-APMr.release.xcconfig */ = {isa = PBXFileReference; includeInIndex = 1; lastKnownFileType = text.xcconfig; name = "Pods-APMr.release.xcconfig"; path = "Target Support Files/Pods-APMr/Pods-APMr.release.xcconfig"; sourceTree = "<group>"; };
		C704D00F2963EC600065004D /* IInstrumentsNetworkingModels.swift */ = {isa = PBXFileReference; lastKnownFileType = sourcecode.swift; path = IInstrumentsNetworkingModels.swift; sourceTree = "<group>"; };
		C70F8FA7293850F400E8DCE1 /* IInstrumentsOpengl.swift */ = {isa = PBXFileReference; lastKnownFileType = sourcecode.swift; path = IInstrumentsOpengl.swift; sourceTree = "<group>"; };
		C73BBB0A2942E25100472A75 /* ILockdown.swift */ = {isa = PBXFileReference; lastKnownFileType = sourcecode.swift; path = ILockdown.swift; sourceTree = "<group>"; };
		C73BBB0D2942E84D00472A75 /* IInstproxy.swift */ = {isa = PBXFileReference; lastKnownFileType = sourcecode.swift; path = IInstproxy.swift; sourceTree = "<group>"; };
		C73BBB102942FBE700472A75 /* IInstproxyModels.swift */ = {isa = PBXFileReference; lastKnownFileType = sourcecode.swift; path = IInstproxyModels.swift; sourceTree = "<group>"; };
		C73BBB122943094B00472A75 /* ILockdownModels.swift */ = {isa = PBXFileReference; lastKnownFileType = sourcecode.swift; path = ILockdownModels.swift; sourceTree = "<group>"; };
		C73BBB152943154300472A75 /* HomepageInstrumentsService.swift */ = {isa = PBXFileReference; lastKnownFileType = sourcecode.swift; path = HomepageInstrumentsService.swift; sourceTree = "<group>"; };
		C73BBB17294315A600472A75 /* HomepageDeviceService.swift */ = {isa = PBXFileReference; lastKnownFileType = sourcecode.swift; path = HomepageDeviceService.swift; sourceTree = "<group>"; };
		C73BBB1929431AD200472A75 /* IInstrumentsProcesscontrol.swift */ = {isa = PBXFileReference; lastKnownFileType = sourcecode.swift; path = IInstrumentsProcesscontrol.swift; sourceTree = "<group>"; };
		C7483B9029373A0400F32BE0 /* APMr.app */ = {isa = PBXFileReference; explicitFileType = wrapper.application; includeInIndex = 0; path = APMr.app; sourceTree = BUILT_PRODUCTS_DIR; };
		C7483B9329373A0400F32BE0 /* Application.swift */ = {isa = PBXFileReference; lastKnownFileType = sourcecode.swift; path = Application.swift; sourceTree = "<group>"; };
		C7483B9729373A0600F32BE0 /* Assets.xcassets */ = {isa = PBXFileReference; lastKnownFileType = folder.assetcatalog; path = Assets.xcassets; sourceTree = "<group>"; };
		C7483B9A29373A0600F32BE0 /* Preview Assets.xcassets */ = {isa = PBXFileReference; lastKnownFileType = folder.assetcatalog; path = "Preview Assets.xcassets"; sourceTree = "<group>"; };
		C7483B9C29373A0600F32BE0 /* APMr.entitlements */ = {isa = PBXFileReference; lastKnownFileType = text.plist.entitlements; path = APMr.entitlements; sourceTree = "<group>"; };
		C7483BA429373ADC00F32BE0 /* MobileManager.swift */ = {isa = PBXFileReference; fileEncoding = 4; lastKnownFileType = sourcecode.swift; path = MobileManager.swift; sourceTree = "<group>"; };
		C7483BA529373ADC00F32BE0 /* IDevice.swift */ = {isa = PBXFileReference; fileEncoding = 4; lastKnownFileType = sourcecode.swift; path = IDevice.swift; sourceTree = "<group>"; };
		C7483BA729373ADC00F32BE0 /* IInstrumentsBaseService.swift */ = {isa = PBXFileReference; fileEncoding = 4; lastKnownFileType = sourcecode.swift; path = IInstrumentsBaseService.swift; sourceTree = "<group>"; };
		C7483BAA29373ADC00F32BE0 /* IInstrumentsServiceProtocols.swift */ = {isa = PBXFileReference; fileEncoding = 4; lastKnownFileType = sourcecode.swift; path = IInstrumentsServiceProtocols.swift; sourceTree = "<group>"; };
		C7483BAC29373ADC00F32BE0 /* IInstrumentsSysmontap.swift */ = {isa = PBXFileReference; fileEncoding = 4; lastKnownFileType = sourcecode.swift; path = IInstrumentsSysmontap.swift; sourceTree = "<group>"; };
		C7483BAD29373ADC00F32BE0 /* IInstrumentsDeviceInfo.swift */ = {isa = PBXFileReference; fileEncoding = 4; lastKnownFileType = sourcecode.swift; path = IInstrumentsDeviceInfo.swift; sourceTree = "<group>"; };
		C7483BAE29373ADC00F32BE0 /* IInstruments.swift */ = {isa = PBXFileReference; fileEncoding = 4; lastKnownFileType = sourcecode.swift; path = IInstruments.swift; sourceTree = "<group>"; };
		C7483BB029373ADC00F32BE0 /* DTXMessageHandle.h */ = {isa = PBXFileReference; fileEncoding = 4; lastKnownFileType = sourcecode.c.h; path = DTXMessageHandle.h; sourceTree = "<group>"; };
		C7483BB129373ADC00F32BE0 /* DTXReceiveObject.h */ = {isa = PBXFileReference; fileEncoding = 4; lastKnownFileType = sourcecode.c.h; path = DTXReceiveObject.h; sourceTree = "<group>"; };
		C7483BB229373ADC00F32BE0 /* DTXArguments.h */ = {isa = PBXFileReference; fileEncoding = 4; lastKnownFileType = sourcecode.c.h; path = DTXArguments.h; sourceTree = "<group>"; };
		C7483BB329373ADC00F32BE0 /* DTXReceiveObject.m */ = {isa = PBXFileReference; fileEncoding = 4; lastKnownFileType = sourcecode.c.objc; path = DTXReceiveObject.m; sourceTree = "<group>"; };
		C7483BB429373ADC00F32BE0 /* DTXMessageHandle.m */ = {isa = PBXFileReference; fileEncoding = 4; lastKnownFileType = sourcecode.c.objc; path = DTXMessageHandle.m; sourceTree = "<group>"; };
		C7483BB529373ADC00F32BE0 /* DTXArguments.m */ = {isa = PBXFileReference; fileEncoding = 4; lastKnownFileType = sourcecode.c.objc; path = DTXArguments.m; sourceTree = "<group>"; };
		C7483BB929373ADC00F32BE0 /* libcrypto.a */ = {isa = PBXFileReference; lastKnownFileType = archive.ar; path = libcrypto.a; sourceTree = "<group>"; };
		C7483BBA29373ADC00F32BE0 /* libplist-2.0.a */ = {isa = PBXFileReference; lastKnownFileType = archive.ar; path = "libplist-2.0.a"; sourceTree = "<group>"; };
		C7483BBB29373ADC00F32BE0 /* libimobiledevice-1.0.a */ = {isa = PBXFileReference; lastKnownFileType = archive.ar; path = "libimobiledevice-1.0.a"; sourceTree = "<group>"; };
		C7483BBC29373ADC00F32BE0 /* libimobiledevice-glue-1.0.a */ = {isa = PBXFileReference; lastKnownFileType = archive.ar; path = "libimobiledevice-glue-1.0.a"; sourceTree = "<group>"; };
		C7483BBD29373ADC00F32BE0 /* libusbmuxd-2.0.a */ = {isa = PBXFileReference; lastKnownFileType = archive.ar; path = "libusbmuxd-2.0.a"; sourceTree = "<group>"; };
		C7483BBE29373ADC00F32BE0 /* libssl.a */ = {isa = PBXFileReference; lastKnownFileType = archive.ar; path = libssl.a; sourceTree = "<group>"; };
		C7483BC029373ADC00F32BE0 /* libcrypto.a */ = {isa = PBXFileReference; lastKnownFileType = archive.ar; path = libcrypto.a; sourceTree = "<group>"; };
		C7483BC129373ADC00F32BE0 /* libplist-2.0.a */ = {isa = PBXFileReference; lastKnownFileType = archive.ar; path = "libplist-2.0.a"; sourceTree = "<group>"; };
		C7483BC229373ADC00F32BE0 /* libimobiledevice-1.0.a */ = {isa = PBXFileReference; lastKnownFileType = archive.ar; path = "libimobiledevice-1.0.a"; sourceTree = "<group>"; };
		C7483BC329373ADC00F32BE0 /* libimobiledevice-glue-1.0.a */ = {isa = PBXFileReference; lastKnownFileType = archive.ar; path = "libimobiledevice-glue-1.0.a"; sourceTree = "<group>"; };
		C7483BC429373ADC00F32BE0 /* libusbmuxd-2.0.a */ = {isa = PBXFileReference; lastKnownFileType = archive.ar; path = "libusbmuxd-2.0.a"; sourceTree = "<group>"; };
		C7483BC529373ADC00F32BE0 /* libssl.a */ = {isa = PBXFileReference; lastKnownFileType = archive.ar; path = libssl.a; sourceTree = "<group>"; };
		C7483BC829373ADC00F32BE0 /* plist.h */ = {isa = PBXFileReference; fileEncoding = 4; lastKnownFileType = sourcecode.c.h; path = plist.h; sourceTree = "<group>"; };
		C7483BCA29373ADC00F32BE0 /* installation_proxy.h */ = {isa = PBXFileReference; fileEncoding = 4; lastKnownFileType = sourcecode.c.h; path = installation_proxy.h; sourceTree = "<group>"; };
		C7483BCB29373ADC00F32BE0 /* companion_proxy.h */ = {isa = PBXFileReference; fileEncoding = 4; lastKnownFileType = sourcecode.c.h; path = companion_proxy.h; sourceTree = "<group>"; };
		C7483BCC29373ADC00F32BE0 /* notification_proxy.h */ = {isa = PBXFileReference; fileEncoding = 4; lastKnownFileType = sourcecode.c.h; path = notification_proxy.h; sourceTree = "<group>"; };
		C7483BCD29373ADC00F32BE0 /* restore.h */ = {isa = PBXFileReference; fileEncoding = 4; lastKnownFileType = sourcecode.c.h; path = restore.h; sourceTree = "<group>"; };
		C7483BCE29373ADC00F32BE0 /* mobilebackup.h */ = {isa = PBXFileReference; fileEncoding = 4; lastKnownFileType = sourcecode.c.h; path = mobilebackup.h; sourceTree = "<group>"; };
		C7483BCF29373ADC00F32BE0 /* misagent.h */ = {isa = PBXFileReference; fileEncoding = 4; lastKnownFileType = sourcecode.c.h; path = misagent.h; sourceTree = "<group>"; };
		C7483BD029373ADC00F32BE0 /* property_list_service.h */ = {isa = PBXFileReference; fileEncoding = 4; lastKnownFileType = sourcecode.c.h; path = property_list_service.h; sourceTree = "<group>"; };
		C7483BD129373ADC00F32BE0 /* service.h */ = {isa = PBXFileReference; fileEncoding = 4; lastKnownFileType = sourcecode.c.h; path = service.h; sourceTree = "<group>"; };
		C7483BD229373ADC00F32BE0 /* mobileactivation.h */ = {isa = PBXFileReference; fileEncoding = 4; lastKnownFileType = sourcecode.c.h; path = mobileactivation.h; sourceTree = "<group>"; };
		C7483BD329373ADC00F32BE0 /* screenshotr.h */ = {isa = PBXFileReference; fileEncoding = 4; lastKnownFileType = sourcecode.c.h; path = screenshotr.h; sourceTree = "<group>"; };
		C7483BD429373ADC00F32BE0 /* file_relay.h */ = {isa = PBXFileReference; fileEncoding = 4; lastKnownFileType = sourcecode.c.h; path = file_relay.h; sourceTree = "<group>"; };
		C7483BD529373ADC00F32BE0 /* heartbeat.h */ = {isa = PBXFileReference; fileEncoding = 4; lastKnownFileType = sourcecode.c.h; path = heartbeat.h; sourceTree = "<group>"; };
		C7483BD629373ADC00F32BE0 /* preboard.h */ = {isa = PBXFileReference; fileEncoding = 4; lastKnownFileType = sourcecode.c.h; path = preboard.h; sourceTree = "<group>"; };
		C7483BD729373ADC00F32BE0 /* mobilebackup2.h */ = {isa = PBXFileReference; fileEncoding = 4; lastKnownFileType = sourcecode.c.h; path = mobilebackup2.h; sourceTree = "<group>"; };
		C7483BD829373ADC00F32BE0 /* mobile_image_mounter.h */ = {isa = PBXFileReference; fileEncoding = 4; lastKnownFileType = sourcecode.c.h; path = mobile_image_mounter.h; sourceTree = "<group>"; };
		C7483BD929373ADC00F32BE0 /* bt_packet_logger.h */ = {isa = PBXFileReference; fileEncoding = 4; lastKnownFileType = sourcecode.c.h; path = bt_packet_logger.h; sourceTree = "<group>"; };
		C7483BDA29373ADC00F32BE0 /* lockdown.h */ = {isa = PBXFileReference; fileEncoding = 4; lastKnownFileType = sourcecode.c.h; path = lockdown.h; sourceTree = "<group>"; };
		C7483BDB29373ADC00F32BE0 /* syslog_relay.h */ = {isa = PBXFileReference; fileEncoding = 4; lastKnownFileType = sourcecode.c.h; path = syslog_relay.h; sourceTree = "<group>"; };
		C7483BDC29373ADC00F32BE0 /* webinspector.h */ = {isa = PBXFileReference; fileEncoding = 4; lastKnownFileType = sourcecode.c.h; path = webinspector.h; sourceTree = "<group>"; };
		C7483BDD29373ADC00F32BE0 /* libimobiledevice.h */ = {isa = PBXFileReference; fileEncoding = 4; lastKnownFileType = sourcecode.c.h; path = libimobiledevice.h; sourceTree = "<group>"; };
		C7483BDE29373ADC00F32BE0 /* debugserver.h */ = {isa = PBXFileReference; fileEncoding = 4; lastKnownFileType = sourcecode.c.h; path = debugserver.h; sourceTree = "<group>"; };
		C7483BDF29373ADC00F32BE0 /* sbservices.h */ = {isa = PBXFileReference; fileEncoding = 4; lastKnownFileType = sourcecode.c.h; path = sbservices.h; sourceTree = "<group>"; };
		C7483BE029373ADC00F32BE0 /* reverse_proxy.h */ = {isa = PBXFileReference; fileEncoding = 4; lastKnownFileType = sourcecode.c.h; path = reverse_proxy.h; sourceTree = "<group>"; };
		C7483BE129373ADC00F32BE0 /* diagnostics_relay.h */ = {isa = PBXFileReference; fileEncoding = 4; lastKnownFileType = sourcecode.c.h; path = diagnostics_relay.h; sourceTree = "<group>"; };
		C7483BE229373ADC00F32BE0 /* afc.h */ = {isa = PBXFileReference; fileEncoding = 4; lastKnownFileType = sourcecode.c.h; path = afc.h; sourceTree = "<group>"; };
		C7483BE329373ADC00F32BE0 /* mobilesync.h */ = {isa = PBXFileReference; fileEncoding = 4; lastKnownFileType = sourcecode.c.h; path = mobilesync.h; sourceTree = "<group>"; };
		C7483BE429373ADC00F32BE0 /* house_arrest.h */ = {isa = PBXFileReference; fileEncoding = 4; lastKnownFileType = sourcecode.c.h; path = house_arrest.h; sourceTree = "<group>"; };
		C7483BE529373ADC00F32BE0 /* MDUtil.m */ = {isa = PBXFileReference; fileEncoding = 4; lastKnownFileType = sourcecode.c.objc; path = MDUtil.m; sourceTree = "<group>"; };
		C7483BE629373ADC00F32BE0 /* headers.h */ = {isa = PBXFileReference; fileEncoding = 4; lastKnownFileType = sourcecode.c.h; path = headers.h; sourceTree = "<group>"; };
		C7483BE729373ADC00F32BE0 /* MDUtil.h */ = {isa = PBXFileReference; fileEncoding = 4; lastKnownFileType = sourcecode.c.h; path = MDUtil.h; sourceTree = "<group>"; };
		C7483BE829373ADC00F32BE0 /* module.modulemap */ = {isa = PBXFileReference; fileEncoding = 4; lastKnownFileType = "sourcecode.module-map"; path = module.modulemap; sourceTree = "<group>"; };
		C754F0DE296D29040053DBA3 /* HomepageView.swift */ = {isa = PBXFileReference; lastKnownFileType = sourcecode.swift; path = HomepageView.swift; sourceTree = "<group>"; };
		C754F0E0296D2A350053DBA3 /* HomepageService.swift */ = {isa = PBXFileReference; lastKnownFileType = sourcecode.swift; path = HomepageService.swift; sourceTree = "<group>"; };
		C754F0E2296D33360053DBA3 /* PerformanceView.swift */ = {isa = PBXFileReference; lastKnownFileType = sourcecode.swift; path = PerformanceView.swift; sourceTree = "<group>"; };
		C75750F6293DA1980074E707 /* IInstrumentsSysmotapModels.swift */ = {isa = PBXFileReference; lastKnownFileType = sourcecode.swift; path = IInstrumentsSysmotapModels.swift; sourceTree = "<group>"; };
		C7651EFE298B5FC3006F3310 /* Int64+Extensions.swift */ = {isa = PBXFileReference; lastKnownFileType = sourcecode.swift; path = "Int64+Extensions.swift"; sourceTree = "<group>"; };
		C76ACF3A2996041B005CF720 /* HomepageInstrumentsService+Summary.swift */ = {isa = PBXFileReference; lastKnownFileType = sourcecode.swift; path = "HomepageInstrumentsService+Summary.swift"; sourceTree = "<group>"; };
		C76ACF3C299604F3005CF720 /* HomepageInstrumentsModels+Summary.swift */ = {isa = PBXFileReference; lastKnownFileType = sourcecode.swift; path = "HomepageInstrumentsModels+Summary.swift"; sourceTree = "<group>"; };
		C76ACF3E2996166C005CF720 /* CGFloat+Extensions.swift */ = {isa = PBXFileReference; lastKnownFileType = sourcecode.swift; path = "CGFloat+Extensions.swift"; sourceTree = "<group>"; };
		C76E7B5729517CC3004F009B /* HomepageModels.swift */ = {isa = PBXFileReference; lastKnownFileType = sourcecode.swift; path = HomepageModels.swift; sourceTree = "<group>"; };
		C76E7B5C2951BBB3004F009B /* Colors.xcassets */ = {isa = PBXFileReference; lastKnownFileType = folder.assetcatalog; path = Colors.xcassets; sourceTree = "<group>"; };
		C76E7B602951BC70004F009B /* Color+Extensions.swift */ = {isa = PBXFileReference; fileEncoding = 4; lastKnownFileType = sourcecode.swift; path = "Color+Extensions.swift"; sourceTree = "<group>"; };
		C7719B3F2985312100DC6044 /* UserManager.swift */ = {isa = PBXFileReference; lastKnownFileType = sourcecode.swift; path = UserManager.swift; sourceTree = "<group>"; };
		C7719B41298664A100DC6044 /* HomepageInstrumentsModels.swift */ = {isa = PBXFileReference; lastKnownFileType = sourcecode.swift; path = HomepageInstrumentsModels.swift; sourceTree = "<group>"; };
		C7719B432987B5D700DC6044 /* IDiagnosticsRelay.swift */ = {isa = PBXFileReference; lastKnownFileType = sourcecode.swift; path = IDiagnosticsRelay.swift; sourceTree = "<group>"; };
		C7764FDD29652D3000D4A6C6 /* IInstrumentsEnergyModels.swift */ = {isa = PBXFileReference; lastKnownFileType = sourcecode.swift; path = IInstrumentsEnergyModels.swift; sourceTree = "<group>"; };
		C780D1152941911B00EF5633 /* IInstrumentsServiceGroup.swift */ = {isa = PBXFileReference; lastKnownFileType = sourcecode.swift; path = IInstrumentsServiceGroup.swift; sourceTree = "<group>"; };
		C780D11729419E6100EF5633 /* IInstrumentsOpenglModels.swift */ = {isa = PBXFileReference; lastKnownFileType = sourcecode.swift; path = IInstrumentsOpenglModels.swift; sourceTree = "<group>"; };
		C78CB9162973AD0300F86B33 /* ButtonCommonStyle.swift */ = {isa = PBXFileReference; lastKnownFileType = sourcecode.swift; path = ButtonCommonStyle.swift; sourceTree = "<group>"; };
		C7AC987E2956E0C200A6580B /* IInstrumentsNetworkStatistics.swift */ = {isa = PBXFileReference; lastKnownFileType = sourcecode.swift; path = IInstrumentsNetworkStatistics.swift; sourceTree = "<group>"; };
		C7AC98802956EB1D00A6580B /* IInstrumentsNetworking.swift */ = {isa = PBXFileReference; lastKnownFileType = sourcecode.swift; path = IInstrumentsNetworking.swift; sourceTree = "<group>"; };
		C7AC988429599BA600A6580B /* IInstrumentsEngery.swift */ = {isa = PBXFileReference; lastKnownFileType = sourcecode.swift; path = IInstrumentsEngery.swift; sourceTree = "<group>"; };
		C7AC9894295C816500A6580B /* IInstrumentsNetworkStatisticsModels.swift */ = {isa = PBXFileReference; lastKnownFileType = sourcecode.swift; path = IInstrumentsNetworkStatisticsModels.swift; sourceTree = "<group>"; };
		C7B5B94329767921009A88D7 /* PerformaceChartView.swift */ = {isa = PBXFileReference; lastKnownFileType = sourcecode.swift; path = PerformaceChartView.swift; sourceTree = "<group>"; };
		C7C3255229751B9A006939B8 /* PerformanceSettingBarView.swift */ = {isa = PBXFileReference; lastKnownFileType = sourcecode.swift; path = PerformanceSettingBarView.swift; sourceTree = "<group>"; };
		C7C3255429751E0E006939B8 /* PerformanceSummaryView.swift */ = {isa = PBXFileReference; lastKnownFileType = sourcecode.swift; path = PerformanceSummaryView.swift; sourceTree = "<group>"; };
		C7CCDA94298A127100948BA3 /* ButtonCommonModifier.swift */ = {isa = PBXFileReference; lastKnownFileType = sourcecode.swift; path = ButtonCommonModifier.swift; sourceTree = "<group>"; };
		C7CCDA96298A176900948BA3 /* HomepageChartModels.swift */ = {isa = PBXFileReference; lastKnownFileType = sourcecode.swift; path = HomepageChartModels.swift; sourceTree = "<group>"; };
		C7F5DA882946EF94005C6F7D /* IInstrumentsGPU.swift */ = {isa = PBXFileReference; lastKnownFileType = sourcecode.swift; path = IInstrumentsGPU.swift; sourceTree = "<group>"; };
		CF29673E9DD30442430F30F3 /* Pods-APMr.debug.xcconfig */ = {isa = PBXFileReference; includeInIndex = 1; lastKnownFileType = text.xcconfig; name = "Pods-APMr.debug.xcconfig"; path = "Target Support Files/Pods-APMr/Pods-APMr.debug.xcconfig"; sourceTree = "<group>"; };
		DADA9EDEA0F1466ED00BCE2D /* Pods_APMr.framework */ = {isa = PBXFileReference; explicitFileType = wrapper.framework; includeInIndex = 0; path = Pods_APMr.framework; sourceTree = BUILT_PRODUCTS_DIR; };
/* End PBXFileReference section */

/* Begin PBXFrameworksBuildPhase section */
		C7483B8D29373A0400F32BE0 /* Frameworks */ = {
			isa = PBXFrameworksBuildPhase;
			buildActionMask = 2147483647;
			files = (
				C7483BFE29373ADC00F32BE0 /* libusbmuxd-2.0.a in Frameworks */,
				C7483BF729373ADC00F32BE0 /* libimobiledevice-glue-1.0.a in Frameworks */,
				C7483BF829373ADC00F32BE0 /* libusbmuxd-2.0.a in Frameworks */,
				C7483BFC29373ADC00F32BE0 /* libimobiledevice-1.0.a in Frameworks */,
				C7483BF929373ADC00F32BE0 /* libssl.a in Frameworks */,
				C7483BF429373ADC00F32BE0 /* libcrypto.a in Frameworks */,
				C7483BF529373ADC00F32BE0 /* libplist-2.0.a in Frameworks */,
				C7483BFD29373ADC00F32BE0 /* libimobiledevice-glue-1.0.a in Frameworks */,
				C7483BFF29373ADC00F32BE0 /* libssl.a in Frameworks */,
				C7483BFB29373ADC00F32BE0 /* libplist-2.0.a in Frameworks */,
				C7483BF629373ADC00F32BE0 /* libimobiledevice-1.0.a in Frameworks */,
				C7483BFA29373ADC00F32BE0 /* libcrypto.a in Frameworks */,
				E2EEEE13B7F1A6303EF4CE35 /* Pods_APMr.framework in Frameworks */,
			);
			runOnlyForDeploymentPostprocessing = 0;
		};
/* End PBXFrameworksBuildPhase section */

/* Begin PBXGroup section */
		2AE30AA43703526A575D7BE6 /* Pods */ = {
			isa = PBXGroup;
			children = (
				CF29673E9DD30442430F30F3 /* Pods-APMr.debug.xcconfig */,
				ACD59CADAF1357C5444C9979 /* Pods-APMr.release.xcconfig */,
			);
			path = Pods;
			sourceTree = "<group>";
		};
		C7150E70293C901900C2B380 /* FoundationServices */ = {
			isa = PBXGroup;
			children = (
				C7483BB629373ADC00F32BE0 /* LibIMobileDevice */,
			);
			path = FoundationServices;
			sourceTree = "<group>";
		};
		C73BBB0C2942E25700472A75 /* IServices */ = {
			isa = PBXGroup;
			children = (
				C7483BA529373ADC00F32BE0 /* IDevice.swift */,
				C73BBB0A2942E25100472A75 /* ILockdown.swift */,
				C73BBB0D2942E84D00472A75 /* IInstproxy.swift */,
				C7719B432987B5D700DC6044 /* IDiagnosticsRelay.swift */,
				C73BBB0F2942FBC900472A75 /* Models */,
			);
			path = IServices;
			sourceTree = "<group>";
		};
		C73BBB0F2942FBC900472A75 /* Models */ = {
			isa = PBXGroup;
			children = (
				C73BBB102942FBE700472A75 /* IInstproxyModels.swift */,
				C73BBB122943094B00472A75 /* ILockdownModels.swift */,
			);
			path = Models;
			sourceTree = "<group>";
		};
		C7483B8729373A0400F32BE0 = {
			isa = PBXGroup;
			children = (
				C7483B9229373A0400F32BE0 /* APMr */,
				C7483B9129373A0400F32BE0 /* Products */,
				CE95B25BB2AD54E6AE8BD8A2 /* Frameworks */,
				2AE30AA43703526A575D7BE6 /* Pods */,
			);
			sourceTree = "<group>";
		};
		C7483B9129373A0400F32BE0 /* Products */ = {
			isa = PBXGroup;
			children = (
				C7483B9029373A0400F32BE0 /* APMr.app */,
			);
			name = Products;
			sourceTree = "<group>";
		};
		C7483B9229373A0400F32BE0 /* APMr */ = {
			isa = PBXGroup;
			children = (
				C76E7B592951BA36004F009B /* ProjectConfigs */,
				C779C6B2296BDE9A00F710D4 /* Application */,
				C780D10C29418B4800EF5633 /* Bussiness */,
				C78CB9122973ABBE00F86B33 /* Components */,
				C780D11129418C2E00EF5633 /* GlobalServices */,
				C7150E70293C901900C2B380 /* FoundationServices */,
			);
			path = APMr;
			sourceTree = "<group>";
		};
		C7483B9929373A0600F32BE0 /* Preview Content */ = {
			isa = PBXGroup;
			children = (
				C7483B9A29373A0600F32BE0 /* Preview Assets.xcassets */,
			);
			path = "Preview Content";
			sourceTree = "<group>";
		};
		C7483BA329373ADC00F32BE0 /* MobileManager */ = {
			isa = PBXGroup;
			children = (
				C7483BA429373ADC00F32BE0 /* MobileManager.swift */,
				C73BBB0C2942E25700472A75 /* IServices */,
				C7483BA629373ADC00F32BE0 /* Instruments */,
			);
			path = MobileManager;
			sourceTree = "<group>";
		};
		C7483BA629373ADC00F32BE0 /* Instruments */ = {
			isa = PBXGroup;
			children = (
				C7483BAE29373ADC00F32BE0 /* IInstruments.swift */,
				C780D1152941911B00EF5633 /* IInstrumentsServiceGroup.swift */,
				C7483BAA29373ADC00F32BE0 /* IInstrumentsServiceProtocols.swift */,
				C7483BAB29373ADC00F32BE0 /* Services */,
				C7483BA829373ADC00F32BE0 /* Models */,
			);
			path = Instruments;
			sourceTree = "<group>";
		};
		C7483BA829373ADC00F32BE0 /* Models */ = {
			isa = PBXGroup;
			children = (
				C75750F6293DA1980074E707 /* IInstrumentsSysmotapModels.swift */,
				C780D11729419E6100EF5633 /* IInstrumentsOpenglModels.swift */,
				C7AC9894295C816500A6580B /* IInstrumentsNetworkStatisticsModels.swift */,
				C704D00F2963EC600065004D /* IInstrumentsNetworkingModels.swift */,
				C7764FDD29652D3000D4A6C6 /* IInstrumentsEnergyModels.swift */,
			);
			path = Models;
			sourceTree = "<group>";
		};
		C7483BAB29373ADC00F32BE0 /* Services */ = {
			isa = PBXGroup;
			children = (
				C7483BA729373ADC00F32BE0 /* IInstrumentsBaseService.swift */,
				C7483BAC29373ADC00F32BE0 /* IInstrumentsSysmontap.swift */,
				C70F8FA7293850F400E8DCE1 /* IInstrumentsOpengl.swift */,
				C7483BAD29373ADC00F32BE0 /* IInstrumentsDeviceInfo.swift */,
				C73BBB1929431AD200472A75 /* IInstrumentsProcesscontrol.swift */,
				C7AC98802956EB1D00A6580B /* IInstrumentsNetworking.swift */,
				C7AC988429599BA600A6580B /* IInstrumentsEngery.swift */,
				C7AC987E2956E0C200A6580B /* IInstrumentsNetworkStatistics.swift */,
				C7F5DA882946EF94005C6F7D /* IInstrumentsGPU.swift */,
			);
			path = Services;
			sourceTree = "<group>";
		};
		C7483BAF29373ADC00F32BE0 /* DTXMessageHandle */ = {
			isa = PBXGroup;
			children = (
				C7483BE729373ADC00F32BE0 /* MDUtil.h */,
				C7483BE529373ADC00F32BE0 /* MDUtil.m */,
				C7483BB229373ADC00F32BE0 /* DTXArguments.h */,
				C7483BB529373ADC00F32BE0 /* DTXArguments.m */,
				C7483BB029373ADC00F32BE0 /* DTXMessageHandle.h */,
				C7483BB429373ADC00F32BE0 /* DTXMessageHandle.m */,
				C7483BB129373ADC00F32BE0 /* DTXReceiveObject.h */,
				C7483BB329373ADC00F32BE0 /* DTXReceiveObject.m */,
			);
			path = DTXMessageHandle;
			sourceTree = "<group>";
		};
		C7483BB629373ADC00F32BE0 /* LibIMobileDevice */ = {
			isa = PBXGroup;
			children = (
				C7483BC629373ADC00F32BE0 /* Headers */,
				C7483BB729373ADC00F32BE0 /* Libraries */,
			);
			path = LibIMobileDevice;
			sourceTree = "<group>";
		};
		C7483BB729373ADC00F32BE0 /* Libraries */ = {
			isa = PBXGroup;
			children = (
				C7483BB829373ADC00F32BE0 /* x86 */,
				C7483BBF29373ADC00F32BE0 /* arm64 */,
			);
			path = Libraries;
			sourceTree = "<group>";
		};
		C7483BB829373ADC00F32BE0 /* x86 */ = {
			isa = PBXGroup;
			children = (
				C7483BB929373ADC00F32BE0 /* libcrypto.a */,
				C7483BBA29373ADC00F32BE0 /* libplist-2.0.a */,
				C7483BBB29373ADC00F32BE0 /* libimobiledevice-1.0.a */,
				C7483BBC29373ADC00F32BE0 /* libimobiledevice-glue-1.0.a */,
				C7483BBD29373ADC00F32BE0 /* libusbmuxd-2.0.a */,
				C7483BBE29373ADC00F32BE0 /* libssl.a */,
			);
			path = x86;
			sourceTree = "<group>";
		};
		C7483BBF29373ADC00F32BE0 /* arm64 */ = {
			isa = PBXGroup;
			children = (
				C7483BC029373ADC00F32BE0 /* libcrypto.a */,
				C7483BC129373ADC00F32BE0 /* libplist-2.0.a */,
				C7483BC229373ADC00F32BE0 /* libimobiledevice-1.0.a */,
				C7483BC329373ADC00F32BE0 /* libimobiledevice-glue-1.0.a */,
				C7483BC429373ADC00F32BE0 /* libusbmuxd-2.0.a */,
				C7483BC529373ADC00F32BE0 /* libssl.a */,
			);
			path = arm64;
			sourceTree = "<group>";
		};
		C7483BC629373ADC00F32BE0 /* Headers */ = {
			isa = PBXGroup;
			children = (
				C7483BE629373ADC00F32BE0 /* headers.h */,
				C7483BE829373ADC00F32BE0 /* module.modulemap */,
				C7483BAF29373ADC00F32BE0 /* DTXMessageHandle */,
				C7483BC929373ADC00F32BE0 /* libimobiledevice */,
				C7483BC729373ADC00F32BE0 /* plist */,
			);
			path = Headers;
			sourceTree = "<group>";
		};
		C7483BC729373ADC00F32BE0 /* plist */ = {
			isa = PBXGroup;
			children = (
				C7483BC829373ADC00F32BE0 /* plist.h */,
			);
			path = plist;
			sourceTree = "<group>";
		};
		C7483BC929373ADC00F32BE0 /* libimobiledevice */ = {
			isa = PBXGroup;
			children = (
				C7483BCA29373ADC00F32BE0 /* installation_proxy.h */,
				C7483BCB29373ADC00F32BE0 /* companion_proxy.h */,
				C7483BCC29373ADC00F32BE0 /* notification_proxy.h */,
				C7483BCD29373ADC00F32BE0 /* restore.h */,
				C7483BCE29373ADC00F32BE0 /* mobilebackup.h */,
				C7483BCF29373ADC00F32BE0 /* misagent.h */,
				C7483BD029373ADC00F32BE0 /* property_list_service.h */,
				C7483BD129373ADC00F32BE0 /* service.h */,
				C7483BD229373ADC00F32BE0 /* mobileactivation.h */,
				C7483BD329373ADC00F32BE0 /* screenshotr.h */,
				C7483BD429373ADC00F32BE0 /* file_relay.h */,
				C7483BD529373ADC00F32BE0 /* heartbeat.h */,
				C7483BD629373ADC00F32BE0 /* preboard.h */,
				C7483BD729373ADC00F32BE0 /* mobilebackup2.h */,
				C7483BD829373ADC00F32BE0 /* mobile_image_mounter.h */,
				C7483BD929373ADC00F32BE0 /* bt_packet_logger.h */,
				C7483BDA29373ADC00F32BE0 /* lockdown.h */,
				C7483BDB29373ADC00F32BE0 /* syslog_relay.h */,
				C7483BDC29373ADC00F32BE0 /* webinspector.h */,
				C7483BDD29373ADC00F32BE0 /* libimobiledevice.h */,
				C7483BDE29373ADC00F32BE0 /* debugserver.h */,
				C7483BDF29373ADC00F32BE0 /* sbservices.h */,
				C7483BE029373ADC00F32BE0 /* reverse_proxy.h */,
				C7483BE129373ADC00F32BE0 /* diagnostics_relay.h */,
				C7483BE229373ADC00F32BE0 /* afc.h */,
				C7483BE329373ADC00F32BE0 /* mobilesync.h */,
				C7483BE429373ADC00F32BE0 /* house_arrest.h */,
			);
			path = libimobiledevice;
			sourceTree = "<group>";
		};
		C76E7B5629517CA9004F009B /* Models */ = {
			isa = PBXGroup;
			children = (
				C76E7B5729517CC3004F009B /* HomepageModels.swift */,
				C7CCDA96298A176900948BA3 /* HomepageChartModels.swift */,
				C7719B41298664A100DC6044 /* HomepageInstrumentsModels.swift */,
				C76ACF3C299604F3005CF720 /* HomepageInstrumentsModels+Summary.swift */,
			);
			path = Models;
			sourceTree = "<group>";
		};
		C76E7B592951BA36004F009B /* ProjectConfigs */ = {
			isa = PBXGroup;
			children = (
				C76E7B5B2951BAA7004F009B /* Assets */,
				C7483B9929373A0600F32BE0 /* Preview Content */,
				C76E7B5A2951BA88004F009B /* CodeSignEntilements */,
			);
			path = ProjectConfigs;
			sourceTree = "<group>";
		};
		C76E7B5A2951BA88004F009B /* CodeSignEntilements */ = {
			isa = PBXGroup;
			children = (
				C7483B9C29373A0600F32BE0 /* APMr.entitlements */,
			);
			path = CodeSignEntilements;
			sourceTree = "<group>";
		};
		C76E7B5B2951BAA7004F009B /* Assets */ = {
			isa = PBXGroup;
			children = (
				C76E7B5C2951BBB3004F009B /* Colors.xcassets */,
				C7483B9729373A0600F32BE0 /* Assets.xcassets */,
			);
			path = Assets;
			sourceTree = "<group>";
		};
		C76E7B5E2951BC29004F009B /* Extensions */ = {
			isa = PBXGroup;
			children = (
				C76E7B602951BC70004F009B /* Color+Extensions.swift */,
				C7651EFE298B5FC3006F3310 /* Int64+Extensions.swift */,
				C76ACF3E2996166C005CF720 /* CGFloat+Extensions.swift */,
			);
			path = Extensions;
			sourceTree = "<group>";
		};
		C7719B3E298530F400DC6044 /* User */ = {
			isa = PBXGroup;
			children = (
				C7719B3F2985312100DC6044 /* UserManager.swift */,
			);
			path = User;
			sourceTree = "<group>";
		};
		C779C6B2296BDE9A00F710D4 /* Application */ = {
			isa = PBXGroup;
			children = (
				C7483B9329373A0400F32BE0 /* Application.swift */,
			);
			path = Application;
			sourceTree = "<group>";
		};
		C780D10C29418B4800EF5633 /* Bussiness */ = {
			isa = PBXGroup;
			children = (
				C7719B3E298530F400DC6044 /* User */,
				C780D11029418BB400EF5633 /* HomePage */,
			);
			path = Bussiness;
			sourceTree = "<group>";
		};
		C780D10D29418B5800EF5633 /* Services */ = {
			isa = PBXGroup;
			children = (
				C754F0E0296D2A350053DBA3 /* HomepageService.swift */,
				C73BBB17294315A600472A75 /* HomepageDeviceService.swift */,
				C73BBB152943154300472A75 /* HomepageInstrumentsService.swift */,
				C76ACF3A2996041B005CF720 /* HomepageInstrumentsService+Summary.swift */,
			);
			path = Services;
			sourceTree = "<group>";
		};
		C780D10E29418B6700EF5633 /* Views */ = {
			isa = PBXGroup;
			children = (
				C754F0DE296D29040053DBA3 /* HomepageView.swift */,
				C7E05EBA2970494B00B94DD9 /* Performance */,
			);
			path = Views;
			sourceTree = "<group>";
		};
		C780D11029418BB400EF5633 /* HomePage */ = {
			isa = PBXGroup;
			children = (
				C780D10E29418B6700EF5633 /* Views */,
				C780D10D29418B5800EF5633 /* Services */,
				C76E7B5629517CA9004F009B /* Models */,
			);
			path = HomePage;
			sourceTree = "<group>";
		};
		C780D11129418C2E00EF5633 /* GlobalServices */ = {
			isa = PBXGroup;
			children = (
				C76E7B5E2951BC29004F009B /* Extensions */,
				C7483BA329373ADC00F32BE0 /* MobileManager */,
			);
			path = GlobalServices;
			sourceTree = "<group>";
		};
		C78CB9122973ABBE00F86B33 /* Components */ = {
			isa = PBXGroup;
			children = (
				C78CB9132973AC3300F86B33 /* View */,
			);
			path = Components;
			sourceTree = "<group>";
		};
		C78CB9132973AC3300F86B33 /* View */ = {
			isa = PBXGroup;
			children = (
				C7CCDA92298A115300948BA3 /* Modifiers */,
				C78CB9142973AC3E00F86B33 /* Styles */,
			);
			path = View;
			sourceTree = "<group>";
		};
		C78CB9142973AC3E00F86B33 /* Styles */ = {
			isa = PBXGroup;
			children = (
				C78CB9152973AC4600F86B33 /* Button */,
			);
			path = Styles;
			sourceTree = "<group>";
		};
		C78CB9152973AC4600F86B33 /* Button */ = {
			isa = PBXGroup;
			children = (
				C78CB9162973AD0300F86B33 /* ButtonCommonStyle.swift */,
			);
			path = Button;
			sourceTree = "<group>";
		};
		C7CCDA92298A115300948BA3 /* Modifiers */ = {
			isa = PBXGroup;
			children = (
				C7CCDA93298A117600948BA3 /* Button */,
			);
			path = Modifiers;
			sourceTree = "<group>";
		};
		C7CCDA93298A117600948BA3 /* Button */ = {
			isa = PBXGroup;
			children = (
				C7CCDA94298A127100948BA3 /* ButtonCommonModifier.swift */,
			);
			path = Button;
			sourceTree = "<group>";
		};
		C7E05EBA2970494B00B94DD9 /* Performance */ = {
			isa = PBXGroup;
			children = (
				C754F0E2296D33360053DBA3 /* PerformanceView.swift */,
				C7C3255229751B9A006939B8 /* PerformanceSettingBarView.swift */,
				C7B5B94329767921009A88D7 /* PerformaceChartView.swift */,
				C7C3255429751E0E006939B8 /* PerformanceSummaryView.swift */,
			);
			path = Performance;
			sourceTree = "<group>";
		};
		CE95B25BB2AD54E6AE8BD8A2 /* Frameworks */ = {
			isa = PBXGroup;
			children = (
				DADA9EDEA0F1466ED00BCE2D /* Pods_APMr.framework */,
			);
			name = Frameworks;
			sourceTree = "<group>";
		};
/* End PBXGroup section */

/* Begin PBXNativeTarget section */
		C7483B8F29373A0400F32BE0 /* APMr */ = {
			isa = PBXNativeTarget;
			buildConfigurationList = C7483B9F29373A0600F32BE0 /* Build configuration list for PBXNativeTarget "APMr" */;
			buildPhases = (
				CFE13271B2197FE879D05317 /* [CP] Check Pods Manifest.lock */,
				C7483B8C29373A0400F32BE0 /* Sources */,
				C7483B8D29373A0400F32BE0 /* Frameworks */,
				C7483B8E29373A0400F32BE0 /* Resources */,
			);
			buildRules = (
			);
			dependencies = (
			);
			name = APMr;
			productName = APMr;
			productReference = C7483B9029373A0400F32BE0 /* APMr.app */;
			productType = "com.apple.product-type.application";
		};
/* End PBXNativeTarget section */

/* Begin PBXProject section */
		C7483B8829373A0400F32BE0 /* Project object */ = {
			isa = PBXProject;
			attributes = {
				BuildIndependentTargetsInParallel = 1;
				LastSwiftUpdateCheck = 1410;
				LastUpgradeCheck = 1420;
				TargetAttributes = {
					C7483B8F29373A0400F32BE0 = {
						CreatedOnToolsVersion = 14.1;
					};
				};
			};
			buildConfigurationList = C7483B8B29373A0400F32BE0 /* Build configuration list for PBXProject "APMr" */;
			compatibilityVersion = "Xcode 13.0";
			developmentRegion = en;
			hasScannedForEncodings = 0;
			knownRegions = (
				en,
				Base,
			);
			mainGroup = C7483B8729373A0400F32BE0;
			productRefGroup = C7483B9129373A0400F32BE0 /* Products */;
			projectDirPath = "";
			projectRoot = "";
			targets = (
				C7483B8F29373A0400F32BE0 /* APMr */,
			);
		};
/* End PBXProject section */

/* Begin PBXResourcesBuildPhase section */
		C7483B8E29373A0400F32BE0 /* Resources */ = {
			isa = PBXResourcesBuildPhase;
			buildActionMask = 2147483647;
			files = (
				C76E7B5D2951BBB3004F009B /* Colors.xcassets in Resources */,
				C7483B9B29373A0600F32BE0 /* Preview Assets.xcassets in Resources */,
				C7483B9829373A0600F32BE0 /* Assets.xcassets in Resources */,
			);
			runOnlyForDeploymentPostprocessing = 0;
		};
/* End PBXResourcesBuildPhase section */

/* Begin PBXShellScriptBuildPhase section */
		CFE13271B2197FE879D05317 /* [CP] Check Pods Manifest.lock */ = {
			isa = PBXShellScriptBuildPhase;
			buildActionMask = 2147483647;
			files = (
			);
			inputFileListPaths = (
			);
			inputPaths = (
				"${PODS_PODFILE_DIR_PATH}/Podfile.lock",
				"${PODS_ROOT}/Manifest.lock",
			);
			name = "[CP] Check Pods Manifest.lock";
			outputFileListPaths = (
			);
			outputPaths = (
				"$(DERIVED_FILE_DIR)/Pods-APMr-checkManifestLockResult.txt",
			);
			runOnlyForDeploymentPostprocessing = 0;
			shellPath = /bin/sh;
			shellScript = "diff \"${PODS_PODFILE_DIR_PATH}/Podfile.lock\" \"${PODS_ROOT}/Manifest.lock\" > /dev/null\nif [ $? != 0 ] ; then\n    # print error to STDERR\n    echo \"error: The sandbox is not in sync with the Podfile.lock. Run 'pod install' or update your CocoaPods installation.\" >&2\n    exit 1\nfi\n# This output is used by Xcode 'outputs' to avoid re-running this script phase.\necho \"SUCCESS\" > \"${SCRIPT_OUTPUT_FILE_0}\"\n";
			showEnvVarsInLog = 0;
		};
/* End PBXShellScriptBuildPhase section */

/* Begin PBXSourcesBuildPhase section */
		C7483B8C29373A0400F32BE0 /* Sources */ = {
			isa = PBXSourcesBuildPhase;
			buildActionMask = 2147483647;
			files = (
				C7483BEE29373ADC00F32BE0 /* IInstrumentsSysmontap.swift in Sources */,
				C76ACF3D299604F3005CF720 /* HomepageInstrumentsModels+Summary.swift in Sources */,
				C73BBB162943154300472A75 /* HomepageInstrumentsService.swift in Sources */,
				C7B5B94429767921009A88D7 /* PerformaceChartView.swift in Sources */,
				C704D0102963EC600065004D /* IInstrumentsNetworkingModels.swift in Sources */,
				C7483BEB29373ADC00F32BE0 /* IInstrumentsBaseService.swift in Sources */,
				C73BBB1A29431AD200472A75 /* IInstrumentsProcesscontrol.swift in Sources */,
				C7F5DA892946EF94005C6F7D /* IInstrumentsGPU.swift in Sources */,
				C7483BED29373ADC00F32BE0 /* IInstrumentsServiceProtocols.swift in Sources */,
				C7CCDA97298A176900948BA3 /* HomepageChartModels.swift in Sources */,
				C7483BF129373ADC00F32BE0 /* DTXReceiveObject.m in Sources */,
				C7483BF329373ADC00F32BE0 /* DTXArguments.m in Sources */,
				C754F0E3296D33360053DBA3 /* PerformanceView.swift in Sources */,
				C7C3255529751E0E006939B8 /* PerformanceSummaryView.swift in Sources */,
				C7AC988529599BA600A6580B /* IInstrumentsEngery.swift in Sources */,
				C7483C0029373ADC00F32BE0 /* MDUtil.m in Sources */,
				C73BBB132943094B00472A75 /* ILockdownModels.swift in Sources */,
				C754F0DF296D29040053DBA3 /* HomepageView.swift in Sources */,
				C780D1162941911B00EF5633 /* IInstrumentsServiceGroup.swift in Sources */,
				C76E7B612951BC70004F009B /* Color+Extensions.swift in Sources */,
				C7AC987F2956E0C200A6580B /* IInstrumentsNetworkStatistics.swift in Sources */,
				C7483BF029373ADC00F32BE0 /* IInstruments.swift in Sources */,
				C7651EFF298B5FC3006F3310 /* Int64+Extensions.swift in Sources */,
				C73BBB0E2942E84D00472A75 /* IInstproxy.swift in Sources */,
				C7CCDA95298A127100948BA3 /* ButtonCommonModifier.swift in Sources */,
				C7C3255329751B9B006939B8 /* PerformanceSettingBarView.swift in Sources */,
				C76ACF3F2996166C005CF720 /* CGFloat+Extensions.swift in Sources */,
				C75750F7293DA1980074E707 /* IInstrumentsSysmotapModels.swift in Sources */,
				C7AC9895295C816500A6580B /* IInstrumentsNetworkStatisticsModels.swift in Sources */,
				C7483BEA29373ADC00F32BE0 /* IDevice.swift in Sources */,
				C7AC98812956EB1D00A6580B /* IInstrumentsNetworking.swift in Sources */,
				C7483BEF29373ADC00F32BE0 /* IInstrumentsDeviceInfo.swift in Sources */,
				C7483BE929373ADC00F32BE0 /* MobileManager.swift in Sources */,
				C70F8FA8293850F400E8DCE1 /* IInstrumentsOpengl.swift in Sources */,
				C7483BF229373ADC00F32BE0 /* DTXMessageHandle.m in Sources */,
				C754F0E1296D2A350053DBA3 /* HomepageService.swift in Sources */,
				C7719B42298664A100DC6044 /* HomepageInstrumentsModels.swift in Sources */,
				C73BBB0B2942E25100472A75 /* ILockdown.swift in Sources */,
				C73BBB112942FBE700472A75 /* IInstproxyModels.swift in Sources */,
				C7719B442987B5D700DC6044 /* IDiagnosticsRelay.swift in Sources */,
				C78CB9172973AD0300F86B33 /* ButtonCommonStyle.swift in Sources */,
				C7483B9429373A0400F32BE0 /* Application.swift in Sources */,
				C780D11829419E6100EF5633 /* IInstrumentsOpenglModels.swift in Sources */,
				C73BBB18294315A600472A75 /* HomepageDeviceService.swift in Sources */,
				C7764FDE29652D3000D4A6C6 /* IInstrumentsEnergyModels.swift in Sources */,
				C76ACF3B2996041B005CF720 /* HomepageInstrumentsService+Summary.swift in Sources */,
				C7719B402985312100DC6044 /* UserManager.swift in Sources */,
				C76E7B5829517CC3004F009B /* HomepageModels.swift in Sources */,
			);
			runOnlyForDeploymentPostprocessing = 0;
		};
/* End PBXSourcesBuildPhase section */

/* Begin XCBuildConfiguration section */
		C7483B9D29373A0600F32BE0 /* Debug */ = {
			isa = XCBuildConfiguration;
			buildSettings = {
				ALWAYS_SEARCH_USER_PATHS = NO;
				CLANG_ANALYZER_NONNULL = YES;
				CLANG_ANALYZER_NUMBER_OBJECT_CONVERSION = YES_AGGRESSIVE;
				CLANG_CXX_LANGUAGE_STANDARD = "gnu++20";
				CLANG_ENABLE_MODULES = YES;
				CLANG_ENABLE_OBJC_ARC = YES;
				CLANG_ENABLE_OBJC_WEAK = YES;
				CLANG_WARN_BLOCK_CAPTURE_AUTORELEASING = YES;
				CLANG_WARN_BOOL_CONVERSION = YES;
				CLANG_WARN_COMMA = YES;
				CLANG_WARN_CONSTANT_CONVERSION = YES;
				CLANG_WARN_DEPRECATED_OBJC_IMPLEMENTATIONS = YES;
				CLANG_WARN_DIRECT_OBJC_ISA_USAGE = YES_ERROR;
				CLANG_WARN_DOCUMENTATION_COMMENTS = YES;
				CLANG_WARN_EMPTY_BODY = YES;
				CLANG_WARN_ENUM_CONVERSION = YES;
				CLANG_WARN_INFINITE_RECURSION = YES;
				CLANG_WARN_INT_CONVERSION = YES;
				CLANG_WARN_NON_LITERAL_NULL_CONVERSION = YES;
				CLANG_WARN_OBJC_IMPLICIT_RETAIN_SELF = YES;
				CLANG_WARN_OBJC_LITERAL_CONVERSION = YES;
				CLANG_WARN_OBJC_ROOT_CLASS = YES_ERROR;
				CLANG_WARN_QUOTED_INCLUDE_IN_FRAMEWORK_HEADER = YES;
				CLANG_WARN_RANGE_LOOP_ANALYSIS = YES;
				CLANG_WARN_STRICT_PROTOTYPES = YES;
				CLANG_WARN_SUSPICIOUS_MOVE = YES;
				CLANG_WARN_UNGUARDED_AVAILABILITY = YES_AGGRESSIVE;
				CLANG_WARN_UNREACHABLE_CODE = YES;
				CLANG_WARN__DUPLICATE_METHOD_MATCH = YES;
				COPY_PHASE_STRIP = NO;
				DEAD_CODE_STRIPPING = YES;
				DEBUG_INFORMATION_FORMAT = dwarf;
				ENABLE_STRICT_OBJC_MSGSEND = YES;
				ENABLE_TESTABILITY = YES;
				GCC_C_LANGUAGE_STANDARD = gnu11;
				GCC_DYNAMIC_NO_PIC = NO;
				GCC_NO_COMMON_BLOCKS = YES;
				GCC_OPTIMIZATION_LEVEL = 0;
				GCC_PREPROCESSOR_DEFINITIONS = (
					"DEBUG=1",
					"$(inherited)",
				);
				GCC_WARN_64_TO_32_BIT_CONVERSION = YES;
				GCC_WARN_ABOUT_RETURN_TYPE = YES_ERROR;
				GCC_WARN_UNDECLARED_SELECTOR = YES;
				GCC_WARN_UNINITIALIZED_AUTOS = YES_AGGRESSIVE;
				GCC_WARN_UNUSED_FUNCTION = YES;
				GCC_WARN_UNUSED_VARIABLE = YES;
				MACOSX_DEPLOYMENT_TARGET = 13.0;
				MTL_ENABLE_DEBUG_INFO = INCLUDE_SOURCE;
				MTL_FAST_MATH = YES;
				ONLY_ACTIVE_ARCH = YES;
				SDKROOT = macosx;
				SWIFT_ACTIVE_COMPILATION_CONDITIONS = DEBUG;
				SWIFT_OPTIMIZATION_LEVEL = "-Onone";
			};
			name = Debug;
		};
		C7483B9E29373A0600F32BE0 /* Release */ = {
			isa = XCBuildConfiguration;
			buildSettings = {
				ALWAYS_SEARCH_USER_PATHS = NO;
				CLANG_ANALYZER_NONNULL = YES;
				CLANG_ANALYZER_NUMBER_OBJECT_CONVERSION = YES_AGGRESSIVE;
				CLANG_CXX_LANGUAGE_STANDARD = "gnu++20";
				CLANG_ENABLE_MODULES = YES;
				CLANG_ENABLE_OBJC_ARC = YES;
				CLANG_ENABLE_OBJC_WEAK = YES;
				CLANG_WARN_BLOCK_CAPTURE_AUTORELEASING = YES;
				CLANG_WARN_BOOL_CONVERSION = YES;
				CLANG_WARN_COMMA = YES;
				CLANG_WARN_CONSTANT_CONVERSION = YES;
				CLANG_WARN_DEPRECATED_OBJC_IMPLEMENTATIONS = YES;
				CLANG_WARN_DIRECT_OBJC_ISA_USAGE = YES_ERROR;
				CLANG_WARN_DOCUMENTATION_COMMENTS = YES;
				CLANG_WARN_EMPTY_BODY = YES;
				CLANG_WARN_ENUM_CONVERSION = YES;
				CLANG_WARN_INFINITE_RECURSION = YES;
				CLANG_WARN_INT_CONVERSION = YES;
				CLANG_WARN_NON_LITERAL_NULL_CONVERSION = YES;
				CLANG_WARN_OBJC_IMPLICIT_RETAIN_SELF = YES;
				CLANG_WARN_OBJC_LITERAL_CONVERSION = YES;
				CLANG_WARN_OBJC_ROOT_CLASS = YES_ERROR;
				CLANG_WARN_QUOTED_INCLUDE_IN_FRAMEWORK_HEADER = YES;
				CLANG_WARN_RANGE_LOOP_ANALYSIS = YES;
				CLANG_WARN_STRICT_PROTOTYPES = YES;
				CLANG_WARN_SUSPICIOUS_MOVE = YES;
				CLANG_WARN_UNGUARDED_AVAILABILITY = YES_AGGRESSIVE;
				CLANG_WARN_UNREACHABLE_CODE = YES;
				CLANG_WARN__DUPLICATE_METHOD_MATCH = YES;
				COPY_PHASE_STRIP = NO;
				DEAD_CODE_STRIPPING = YES;
				DEBUG_INFORMATION_FORMAT = "dwarf-with-dsym";
				ENABLE_NS_ASSERTIONS = NO;
				ENABLE_STRICT_OBJC_MSGSEND = YES;
				GCC_C_LANGUAGE_STANDARD = gnu11;
				GCC_NO_COMMON_BLOCKS = YES;
				GCC_WARN_64_TO_32_BIT_CONVERSION = YES;
				GCC_WARN_ABOUT_RETURN_TYPE = YES_ERROR;
				GCC_WARN_UNDECLARED_SELECTOR = YES;
				GCC_WARN_UNINITIALIZED_AUTOS = YES_AGGRESSIVE;
				GCC_WARN_UNUSED_FUNCTION = YES;
				GCC_WARN_UNUSED_VARIABLE = YES;
				MACOSX_DEPLOYMENT_TARGET = 13.0;
				MTL_ENABLE_DEBUG_INFO = NO;
				MTL_FAST_MATH = YES;
				SDKROOT = macosx;
				SWIFT_COMPILATION_MODE = wholemodule;
				SWIFT_OPTIMIZATION_LEVEL = "-O";
			};
			name = Release;
		};
		C7483BA029373A0600F32BE0 /* Debug */ = {
			isa = XCBuildConfiguration;
			baseConfigurationReference = CF29673E9DD30442430F30F3 /* Pods-APMr.debug.xcconfig */;
			buildSettings = {
				ASSETCATALOG_COMPILER_APPICON_NAME = AppIcon;
				ASSETCATALOG_COMPILER_GLOBAL_ACCENT_COLOR_NAME = AccentColor;
				CODE_SIGN_ENTITLEMENTS = APMr/ProjectConfigs/CodeSignEntilements/APMr.entitlements;
				CODE_SIGN_IDENTITY = "-";
				"CODE_SIGN_IDENTITY[sdk=macosx*]" = "-";
				CODE_SIGN_STYLE = Automatic;
				COMBINE_HIDPI_IMAGES = YES;
				CURRENT_PROJECT_VERSION = 1;
				DEAD_CODE_STRIPPING = YES;
				DEVELOPMENT_ASSET_PATHS = "\"APMr/ProjectConfigs/Preview Content\"";
				DEVELOPMENT_TEAM = 88JVP7LE4V;
				ENABLE_HARDENED_RUNTIME = NO;
				ENABLE_PREVIEWS = YES;
				GENERATE_INFOPLIST_FILE = YES;
				HEADER_SEARCH_PATHS = "$(PROJECT_DIR)/APMr/FoundationServices/LibIMobileDevice/Headers";
				INFOPLIST_KEY_NSHumanReadableCopyright = "";
				LD_RUNPATH_SEARCH_PATHS = (
					"$(inherited)",
					"@executable_path/../Frameworks",
				);
				LIBRARY_SEARCH_PATHS = (
					"$(inherited)",
					"$(PROJECT_DIR)/APMr/FoundationServices/LibIMobileDevice/Libraries/x86",
					"$(PROJECT_DIR)/APMr/FoundationServices/LibIMobileDevice/Libraries/arm64",
				);
				MARKETING_VERSION = 1.0;
				PRODUCT_BUNDLE_IDENTIFIER = RYQ.LibIMobileDevice.APMr;
				PRODUCT_NAME = "$(TARGET_NAME)";
				SWIFT_EMIT_LOC_STRINGS = YES;
				SWIFT_VERSION = 5.0;
			};
			name = Debug;
		};
		C7483BA129373A0600F32BE0 /* Release */ = {
			isa = XCBuildConfiguration;
			baseConfigurationReference = ACD59CADAF1357C5444C9979 /* Pods-APMr.release.xcconfig */;
			buildSettings = {
				ASSETCATALOG_COMPILER_APPICON_NAME = AppIcon;
				ASSETCATALOG_COMPILER_GLOBAL_ACCENT_COLOR_NAME = AccentColor;
				CODE_SIGN_ENTITLEMENTS = APMr/ProjectConfigs/CodeSignEntilements/APMr.entitlements;
				CODE_SIGN_IDENTITY = "-";
				"CODE_SIGN_IDENTITY[sdk=macosx*]" = "-";
				CODE_SIGN_STYLE = Automatic;
				COMBINE_HIDPI_IMAGES = YES;
				CURRENT_PROJECT_VERSION = 1;
				DEAD_CODE_STRIPPING = YES;
				DEVELOPMENT_ASSET_PATHS = "\"APMr/ProjectConfigs/Preview Content\"";
				DEVELOPMENT_TEAM = 88JVP7LE4V;
				ENABLE_HARDENED_RUNTIME = NO;
				ENABLE_PREVIEWS = YES;
				GENERATE_INFOPLIST_FILE = YES;
				HEADER_SEARCH_PATHS = "$(PROJECT_DIR)/APMr/FoundationServices/LibIMobileDevice/Headers";
				INFOPLIST_KEY_NSHumanReadableCopyright = "";
				LD_RUNPATH_SEARCH_PATHS = (
					"$(inherited)",
					"@executable_path/../Frameworks",
				);
				LIBRARY_SEARCH_PATHS = (
					"$(inherited)",
					"$(PROJECT_DIR)/APMr/FoundationServices/LibIMobileDevice/Libraries/x86",
					"$(PROJECT_DIR)/APMr/FoundationServices/LibIMobileDevice/Libraries/arm64",
				);
				MARKETING_VERSION = 1.0;
				PRODUCT_BUNDLE_IDENTIFIER = RYQ.LibIMobileDevice.APMr;
				PRODUCT_NAME = "$(TARGET_NAME)";
				SWIFT_EMIT_LOC_STRINGS = YES;
				SWIFT_VERSION = 5.0;
			};
			name = Release;
		};
/* End XCBuildConfiguration section */

/* Begin XCConfigurationList section */
		C7483B8B29373A0400F32BE0 /* Build configuration list for PBXProject "APMr" */ = {
			isa = XCConfigurationList;
			buildConfigurations = (
				C7483B9D29373A0600F32BE0 /* Debug */,
				C7483B9E29373A0600F32BE0 /* Release */,
			);
			defaultConfigurationIsVisible = 0;
			defaultConfigurationName = Release;
		};
		C7483B9F29373A0600F32BE0 /* Build configuration list for PBXNativeTarget "APMr" */ = {
			isa = XCConfigurationList;
			buildConfigurations = (
				C7483BA029373A0600F32BE0 /* Debug */,
				C7483BA129373A0600F32BE0 /* Release */,
			);
			defaultConfigurationIsVisible = 0;
			defaultConfigurationName = Release;
		};
/* End XCConfigurationList section */
	};
	rootObject = C7483B8829373A0400F32BE0 /* Project object */;
}
